// !$*UTF8*$!
{
	archiveVersion = 1;
	classes = {
	};
	objectVersion = 52;
	objects = {

/* Begin PBXBuildFile section */
		C8022B4C26FAFE8F008E0D92 /* CTypeableMessage.h in Headers */ = {isa = PBXBuildFile; fileRef = C842BDEB26DE45EC008A8517 /* CTypeableMessage.h */; settings = {ATTRIBUTES = (Public, ); }; };
		C8077E3F26F1899F00E36265 /* DeviceUtil.m in Sources */ = {isa = PBXBuildFile; fileRef = C8077E3B26F1899E00E36265 /* DeviceUtil.m */; };
		C8077E4126F1899F00E36265 /* DeviceUtil+Constant.m in Sources */ = {isa = PBXBuildFile; fileRef = C8077E3D26F1899E00E36265 /* DeviceUtil+Constant.m */; };
		C8077E4826F18A3400E36265 /* DeviceList.plist in Resources */ = {isa = PBXBuildFile; fileRef = C8077E4726F18A3400E36265 /* DeviceList.plist */; };
		C8077E7526F18C6A00E36265 /* CJSONable.h in Headers */ = {isa = PBXBuildFile; fileRef = C8361BF8268EBD6C00B1E15E /* CJSONable.h */; settings = {ATTRIBUTES = (Public, ); }; };
		C8077E7926F18C9200E36265 /* CAbstractContact.h in Headers */ = {isa = PBXBuildFile; fileRef = C8C384F826BD2373009CF806 /* CAbstractContact.h */; settings = {ATTRIBUTES = (Public, ); }; };
		C80A208226D71C7D00255B11 /* CMessagingService.m in Sources */ = {isa = PBXBuildFile; fileRef = C80A208126D71C7D00255B11 /* CMessagingService.m */; };
		C80A208626D71C8A00255B11 /* CMessagingService.h in Headers */ = {isa = PBXBuildFile; fileRef = C80A208526D71C8A00255B11 /* CMessagingService.h */; settings = {ATTRIBUTES = (Public, ); }; };
		C80A208A26D725AE00255B11 /* CMessage.h in Headers */ = {isa = PBXBuildFile; fileRef = C80A208926D725AE00255B11 /* CMessage.h */; settings = {ATTRIBUTES = (Public, ); }; };
		C80A208D26D725BB00255B11 /* CMessage.m in Sources */ = {isa = PBXBuildFile; fileRef = C80A208C26D725BB00255B11 /* CMessage.m */; };
		C80A209126D7379600255B11 /* CMessageState.h in Headers */ = {isa = PBXBuildFile; fileRef = C80A209026D7379600255B11 /* CMessageState.h */; settings = {ATTRIBUTES = (Public, ); }; };
		C80A209526D7390200255B11 /* CMessagingServiceState.h in Headers */ = {isa = PBXBuildFile; fileRef = C80A209426D7390200255B11 /* CMessagingServiceState.h */; settings = {ATTRIBUTES = (Public, ); }; };
		C80A209926D7410600255B11 /* CMessagingStorage.m in Sources */ = {isa = PBXBuildFile; fileRef = C80A209826D7410600255B11 /* CMessagingStorage.m */; };
		C80E824B271407D6008A996A /* CContactZoneParticipant.m in Sources */ = {isa = PBXBuildFile; fileRef = C80E824A271407D6008A996A /* CContactZoneParticipant.m */; };
		C80E824D27140812008A996A /* CContactZoneParticipant.h in Headers */ = {isa = PBXBuildFile; fileRef = C80E824C2714080E008A996A /* CContactZoneParticipant.h */; settings = {ATTRIBUTES = (Public, ); }; };
		C817FE0726C12B6F0080D697 /* CContactAppendix.h in Headers */ = {isa = PBXBuildFile; fileRef = C817FE0626C12B6F0080D697 /* CContactAppendix.h */; };
		C817FE0A26C12B7C0080D697 /* CContactAppendix.m in Sources */ = {isa = PBXBuildFile; fileRef = C817FE0926C12B7C0080D697 /* CContactAppendix.m */; };
		C817FE0E26C12C460080D697 /* CContactEvent.h in Headers */ = {isa = PBXBuildFile; fileRef = C817FE0D26C12C460080D697 /* CContactEvent.h */; settings = {ATTRIBUTES = (Public, ); }; };
		C817FE1226C14E930080D697 /* CContactServiceState.h in Headers */ = {isa = PBXBuildFile; fileRef = C817FE1126C14E930080D697 /* CContactServiceState.h */; settings = {ATTRIBUTES = (Public, ); }; };
		C817FE1626C153250080D697 /* CContactZone.h in Headers */ = {isa = PBXBuildFile; fileRef = C817FE1526C153250080D697 /* CContactZone.h */; settings = {ATTRIBUTES = (Public, ); }; };
		C817FE1A26C153320080D697 /* CContactZone.m in Sources */ = {isa = PBXBuildFile; fileRef = C817FE1926C153320080D697 /* CContactZone.m */; };
		C81A945F2700733200FA13E9 /* CPipelineStateDelegate.h in Headers */ = {isa = PBXBuildFile; fileRef = C81A945E2700731B00FA13E9 /* CPipelineStateDelegate.h */; settings = {ATTRIBUTES = (Public, ); }; };
		C81A94732700762B00FA13E9 /* CKernel+Delegate.m in Sources */ = {isa = PBXBuildFile; fileRef = C81A94722700762B00FA13E9 /* CKernel+Delegate.m */; };
		C82DB8BA26B39B0500813378 /* FMDB.framework in Frameworks */ = {isa = PBXBuildFile; fileRef = C82DB8B926B39B0500813378 /* FMDB.framework */; };
		C82DB8BB26B39B0500813378 /* FMDB.framework in Embed Frameworks */ = {isa = PBXBuildFile; fileRef = C82DB8B926B39B0500813378 /* FMDB.framework */; settings = {ATTRIBUTES = (CodeSignOnCopy, RemoveHeadersOnCopy, ); }; };
		C82DB8BE26B3AE7900813378 /* CAuthStorage.m in Sources */ = {isa = PBXBuildFile; fileRef = C82DB8BD26B3AE7900813378 /* CAuthStorage.m */; };
		C83124D72714448F001853FA /* NSString+Cube.h in Headers */ = {isa = PBXBuildFile; fileRef = C859CF4226DF263D003040CC /* NSString+Cube.h */; settings = {ATTRIBUTES = (Public, ); }; };
		C832100026F5D77400FC02C4 /* CMessagingObserver.h in Headers */ = {isa = PBXBuildFile; fileRef = C8BE511026D87DD700935149 /* CMessagingObserver.h */; settings = {ATTRIBUTES = (Public, ); }; };
		C8361BF3268EB52700B1E15E /* CAuthToken.m in Sources */ = {isa = PBXBuildFile; fileRef = C8361BF2268EB52700B1E15E /* CAuthToken.m */; };
		C8361BFA268EBD7700B1E15E /* CJSONable.m in Sources */ = {isa = PBXBuildFile; fileRef = C8361BF9268EBD7700B1E15E /* CJSONable.m */; };
		C8400AAC26C1F98B00C8FF48 /* CDevice.m in Sources */ = {isa = PBXBuildFile; fileRef = C8400AAB26C1F98B00C8FF48 /* CDevice.m */; };
		C8400AAF26C1F99900C8FF48 /* CDevice.h in Headers */ = {isa = PBXBuildFile; fileRef = C8400AAE26C1F99900C8FF48 /* CDevice.h */; settings = {ATTRIBUTES = (Public, ); }; };
		C8400AB326C20DB600C8FF48 /* CGroup.h in Headers */ = {isa = PBXBuildFile; fileRef = C8400AB226C20DB600C8FF48 /* CGroup.h */; };
		C8400AB626C20DC100C8FF48 /* CGroup.m in Sources */ = {isa = PBXBuildFile; fileRef = C8400AB526C20DC100C8FF48 /* CGroup.m */; };
		C8400ABA26C20EAB00C8FF48 /* CGroupAppendix.m in Sources */ = {isa = PBXBuildFile; fileRef = C8400AB926C20EAB00C8FF48 /* CGroupAppendix.m */; };
		C8400ABD26C20EBB00C8FF48 /* CGroupAppendix.h in Headers */ = {isa = PBXBuildFile; fileRef = C8400ABC26C20EBB00C8FF48 /* CGroupAppendix.h */; };
		C8400AC126C2175400C8FF48 /* CGroupState.h in Headers */ = {isa = PBXBuildFile; fileRef = C8400AC026C2175400C8FF48 /* CGroupState.h */; };
		C8400AC426C21DC400C8FF48 /* CSelf.h in Headers */ = {isa = PBXBuildFile; fileRef = C8400AC326C21DC400C8FF48 /* CSelf.h */; settings = {ATTRIBUTES = (Public, ); }; };
		C8400AC726C21DD000C8FF48 /* CSelf.m in Sources */ = {isa = PBXBuildFile; fileRef = C8400AC626C21DD000C8FF48 /* CSelf.m */; };
		C8400ACC26C2215400C8FF48 /* CContactPipelineListener.m in Sources */ = {isa = PBXBuildFile; fileRef = C8400ACB26C2215400C8FF48 /* CContactPipelineListener.m */; };
		C842BDCD26DE070B008A8517 /* CHook.m in Sources */ = {isa = PBXBuildFile; fileRef = C842BDCC26DE070B008A8517 /* CHook.m */; };
		C842BDD026DE071C008A8517 /* CPlugin.h in Headers */ = {isa = PBXBuildFile; fileRef = C842BDCF26DE071C008A8517 /* CPlugin.h */; };
		C842BDD526DE085A008A8517 /* CPluginSystem.h in Headers */ = {isa = PBXBuildFile; fileRef = C842BDD426DE085A008A8517 /* CPluginSystem.h */; };
		C842BDD926DE0865008A8517 /* CPluginSystem.m in Sources */ = {isa = PBXBuildFile; fileRef = C842BDD826DE0865008A8517 /* CPluginSystem.m */; };
		C842BDDD26DE33E4008A8517 /* CInstantiateHook.m in Sources */ = {isa = PBXBuildFile; fileRef = C842BDDC26DE33E4008A8517 /* CInstantiateHook.m */; };
		C842BDE426DE3901008A8517 /* CMessageTypePlugin.m in Sources */ = {isa = PBXBuildFile; fileRef = C842BDE326DE3901008A8517 /* CMessageTypePlugin.m */; };
		C842BDE926DE45DF008A8517 /* CTypeableMessage.m in Sources */ = {isa = PBXBuildFile; fileRef = C842BDE826DE45DF008A8517 /* CTypeableMessage.m */; };
		C859CF3C26DF0BBF003040CC /* CHyperTextMessage.h in Headers */ = {isa = PBXBuildFile; fileRef = C859CF3B26DF0BBF003040CC /* CHyperTextMessage.h */; settings = {ATTRIBUTES = (Public, ); }; };
		C859CF3F26DF0C04003040CC /* CHyperTextMessage.m in Sources */ = {isa = PBXBuildFile; fileRef = C859CF3E26DF0C04003040CC /* CHyperTextMessage.m */; };
		C859CF4426DF2647003040CC /* NSString+Cube.m in Sources */ = {isa = PBXBuildFile; fileRef = C859CF4326DF2647003040CC /* NSString+Cube.m */; };
		C85DF789270D8C4D0009EB73 /* CMessageDraft.m in Sources */ = {isa = PBXBuildFile; fileRef = C85DF788270D8C4D0009EB73 /* CMessageDraft.m */; };
		C85DF78A270D8C9F0009EB73 /* CMessageDraft.h in Headers */ = {isa = PBXBuildFile; fileRef = C85DF787270D8C350009EB73 /* CMessageDraft.h */; settings = {ATTRIBUTES = (Public, ); }; };
		C88461E426B55A4B00A8A3C6 /* CError.m in Sources */ = {isa = PBXBuildFile; fileRef = C88461E326B55A4B00A8A3C6 /* CError.m */; };
		C896B2B926F713DB00339989 /* CNetworkStatusManager.m in Sources */ = {isa = PBXBuildFile; fileRef = C896B2B826F713DB00339989 /* CNetworkStatusManager.m */; };
		C896B2BC26F713DF00339989 /* CNetworkStatusManager.h in Headers */ = {isa = PBXBuildFile; fileRef = C896B2B726F713CD00339989 /* CNetworkStatusManager.h */; settings = {ATTRIBUTES = (Public, ); }; };
		C896B2D726F72C2500339989 /* AFNetworking.framework in Frameworks */ = {isa = PBXBuildFile; fileRef = C896B2D626F72C2500339989 /* AFNetworking.framework */; };
		C896B2D826F72C2500339989 /* AFNetworking.framework in Embed Frameworks */ = {isa = PBXBuildFile; fileRef = C896B2D626F72C2500339989 /* AFNetworking.framework */; settings = {ATTRIBUTES = (CodeSignOnCopy, RemoveHeadersOnCopy, ); }; };
		C8A0DA0526E1C8D80032A9D5 /* CUtils.h in Headers */ = {isa = PBXBuildFile; fileRef = C8C384F626BD1B73009CF806 /* CUtils.h */; settings = {ATTRIBUTES = (Public, ); }; };
		C8ACAC8126B953530057740D /* CEngine.h in Headers */ = {isa = PBXBuildFile; fileRef = C8ACAC8026B953530057740D /* CEngine.h */; settings = {ATTRIBUTES = (Public, ); }; };
		C8B755B1268ABD1B00812A4C /* CStateCode.m in Sources */ = {isa = PBXBuildFile; fileRef = C8B755B0268ABD1B00812A4C /* CStateCode.m */; };
		C8B755D8268B384F00812A4C /* CModule.m in Sources */ = {isa = PBXBuildFile; fileRef = C8B755D7268B384F00812A4C /* CModule.m */; };
		C8B755DE268B393E00812A4C /* CObservableEvent.m in Sources */ = {isa = PBXBuildFile; fileRef = C8B755DD268B393E00812A4C /* CObservableEvent.m */; };
		C8B755E3268B3C4300812A4C /* CSubject.m in Sources */ = {isa = PBXBuildFile; fileRef = C8B755E2268B3C4300812A4C /* CSubject.m */; };
		C8B755E9268B3FC000812A4C /* CObserver.m in Sources */ = {isa = PBXBuildFile; fileRef = C8B755E8268B3FC000812A4C /* CObserver.m */; };
		C8B885F026DC67B000E678B2 /* MessagingTest.m in Sources */ = {isa = PBXBuildFile; fileRef = C8B885EF26DC67B000E678B2 /* MessagingTest.m */; };
		C8BE510426D8749500935149 /* CMessagingPipelineListener.m in Sources */ = {isa = PBXBuildFile; fileRef = C8BE510326D8749500935149 /* CMessagingPipelineListener.m */; };
		C8BE510926D8754400935149 /* CMessagingService+Core.m in Sources */ = {isa = PBXBuildFile; fileRef = C8BE510826D8754400935149 /* CMessagingService+Core.m */; };
		C8BE510E26D87DCE00935149 /* CMessagingObserver.m in Sources */ = {isa = PBXBuildFile; fileRef = C8BE510D26D87DCE00935149 /* CMessagingObserver.m */; };
		C8BE511326D8969900935149 /* CMessagingEvent.h in Headers */ = {isa = PBXBuildFile; fileRef = C8BE511226D8969900935149 /* CMessagingEvent.h */; };
		C8BE511626D896A500935149 /* CMessagingEvent.m in Sources */ = {isa = PBXBuildFile; fileRef = C8BE511526D896A500935149 /* CMessagingEvent.m */; };
		C8BE85AD26B77FD9007E154E /* KernelTest.m in Sources */ = {isa = PBXBuildFile; fileRef = C8BE85AC26B77FD9007E154E /* KernelTest.m */; };
		C8BFA9962704132B00193794 /* CEventJitter.m in Sources */ = {isa = PBXBuildFile; fileRef = C8BFA9952704132B00193794 /* CEventJitter.m */; };
		C8C384D626BCD7C8009CF806 /* CContactService.h in Headers */ = {isa = PBXBuildFile; fileRef = C8C384D526BCD7C8009CF806 /* CContactService.h */; settings = {ATTRIBUTES = (Public, ); }; };
		C8C384DA26BCD7DA009CF806 /* CContactService.m in Sources */ = {isa = PBXBuildFile; fileRef = C8C384D926BCD7DA009CF806 /* CContactService.m */; };
		C8C384DD26BD0306009CF806 /* CContactStorage.m in Sources */ = {isa = PBXBuildFile; fileRef = C8C384DC26BD0306009CF806 /* CContactStorage.m */; };
		C8C384E226BD043A009CF806 /* CEntity.h in Headers */ = {isa = PBXBuildFile; fileRef = C8C384E126BD043A009CF806 /* CEntity.h */; settings = {ATTRIBUTES = (Public, ); }; };
		C8C384E526BD0448009CF806 /* CEntity.m in Sources */ = {isa = PBXBuildFile; fileRef = C8C384E426BD0448009CF806 /* CEntity.m */; };
		C8C384EB26BD182F009CF806 /* cell.xcframework in Frameworks */ = {isa = PBXBuildFile; fileRef = C8C384EA26BD182F009CF806 /* cell.xcframework */; };
		C8C384EC26BD182F009CF806 /* cell.xcframework in Embed Frameworks */ = {isa = PBXBuildFile; fileRef = C8C384EA26BD182F009CF806 /* cell.xcframework */; settings = {ATTRIBUTES = (CodeSignOnCopy, RemoveHeadersOnCopy, ); }; };
		C8C384F026BD1840009CF806 /* WebRTC.xcframework in Frameworks */ = {isa = PBXBuildFile; fileRef = C8C384EF26BD1840009CF806 /* WebRTC.xcframework */; };
		C8C384F126BD1840009CF806 /* WebRTC.xcframework in Embed Frameworks */ = {isa = PBXBuildFile; fileRef = C8C384EF26BD1840009CF806 /* WebRTC.xcframework */; settings = {ATTRIBUTES = (CodeSignOnCopy, RemoveHeadersOnCopy, ); }; };
		C8C384F426BD1B68009CF806 /* CUtils.m in Sources */ = {isa = PBXBuildFile; fileRef = C8C384F326BD1B68009CF806 /* CUtils.m */; };
		C8C384FA26BD2380009CF806 /* CAbstractContact.m in Sources */ = {isa = PBXBuildFile; fileRef = C8C384F926BD2380009CF806 /* CAbstractContact.m */; };
		C8C384FF26BD275C009CF806 /* CContact.m in Sources */ = {isa = PBXBuildFile; fileRef = C8C384FE26BD275C009CF806 /* CContact.m */; };
		C8C3850226BD2775009CF806 /* CContact.h in Headers */ = {isa = PBXBuildFile; fileRef = C8C3850126BD2775009CF806 /* CContact.h */; settings = {ATTRIBUTES = (Public, ); }; };
		C8C40560272583E4000DCEC8 /* CEntityInspector.m in Sources */ = {isa = PBXBuildFile; fileRef = C8C4055F272583E4000DCEC8 /* CEntityInspector.m */; };
		C8C81C2526FC7BC500455355 /* CMessageType.h in Headers */ = {isa = PBXBuildFile; fileRef = C8C81C2426FC7BC500455355 /* CMessageType.h */; settings = {ATTRIBUTES = (Public, ); }; };
		C8D7556D26EDAEB400B7368E /* CKernel.h in Headers */ = {isa = PBXBuildFile; fileRef = C8F1A56426899B770020F136 /* CKernel.h */; settings = {ATTRIBUTES = (Public, ); }; };
		C8D7557026EDAECA00B7368E /* CError.h in Headers */ = {isa = PBXBuildFile; fileRef = C88461E226B55A3A00A8A3C6 /* CError.h */; settings = {ATTRIBUTES = (Public, ); }; };
		C8D7557626EDB14B00B7368E /* CModule.h in Headers */ = {isa = PBXBuildFile; fileRef = C8B755DB268B385A00812A4C /* CModule.h */; settings = {ATTRIBUTES = (Public, ); }; };
		C8D7557926EDB15700B7368E /* CSubject.h in Headers */ = {isa = PBXBuildFile; fileRef = C8B755E5268B3C4F00812A4C /* CSubject.h */; settings = {ATTRIBUTES = (Public, ); }; };
		C8DF88B2268DAD4D00399C99 /* CAuthService.m in Sources */ = {isa = PBXBuildFile; fileRef = C8DF88B1268DAD4D00399C99 /* CAuthService.m */; };
		C8DF88B9268DB2C300399C99 /* CEngine.m in Sources */ = {isa = PBXBuildFile; fileRef = C8DF88B8268DB2C300399C99 /* CEngine.m */; };
		C8DF88BC268DB2D300399C99 /* CAuthService.h in Headers */ = {isa = PBXBuildFile; fileRef = C8DF88B5268DAD5B00399C99 /* CAuthService.h */; };
		C8E3257C26E0A40B005CA08A /* CMessagingExtension.h in Headers */ = {isa = PBXBuildFile; fileRef = C8E3257B26E0A40B005CA08A /* CMessagingExtension.h */; };
		C8F1A54F268985A70020F136 /* Cube.framework in Frameworks */ = {isa = PBXBuildFile; fileRef = C8F1A545268985A70020F136 /* Cube.framework */; };
		C8F1A554268985A70020F136 /* CubeTests.m in Sources */ = {isa = PBXBuildFile; fileRef = C8F1A553268985A70020F136 /* CubeTests.m */; };
		C8F1A556268985A70020F136 /* Cube.h in Headers */ = {isa = PBXBuildFile; fileRef = C8F1A548268985A70020F136 /* Cube.h */; settings = {ATTRIBUTES = (Public, ); }; };
		C8F1A56926899B980020F136 /* CKernel.m in Sources */ = {isa = PBXBuildFile; fileRef = C8F1A56826899B980020F136 /* CKernel.m */; };
		C8F1A56D26899F910020F136 /* CPipeline.m in Sources */ = {isa = PBXBuildFile; fileRef = C8F1A56C26899F910020F136 /* CPipeline.m */; };
		C8F1A5822689AC230020F136 /* CCellPipeline.m in Sources */ = {isa = PBXBuildFile; fileRef = C8F1A5812689AC230020F136 /* CCellPipeline.m */; };
		C8F1A5B52689CE350020F136 /* CPacket.m in Sources */ = {isa = PBXBuildFile; fileRef = C8F1A5B42689CE350020F136 /* CPacket.m */; };
		C8F4596326C4B66000CC4E13 /* CContactService+Core.m in Sources */ = {isa = PBXBuildFile; fileRef = C8F4596226C4B66000CC4E13 /* CContactService+Core.m */; };
		C8F4596826C5346900CC4E13 /* CContactEvent.m in Sources */ = {isa = PBXBuildFile; fileRef = C8F4596726C5346900CC4E13 /* CContactEvent.m */; };
/* End PBXBuildFile section */

/* Begin PBXContainerItemProxy section */
		C8F1A550268985A70020F136 /* PBXContainerItemProxy */ = {
			isa = PBXContainerItemProxy;
			containerPortal = C8F1A53C268985A70020F136 /* Project object */;
			proxyType = 1;
			remoteGlobalIDString = C8F1A544268985A70020F136;
			remoteInfo = Cube;
		};
/* End PBXContainerItemProxy section */

/* Begin PBXCopyFilesBuildPhase section */
		C8F1A57D2689A1E80020F136 /* Embed Frameworks */ = {
			isa = PBXCopyFilesBuildPhase;
			buildActionMask = 2147483647;
			dstPath = "";
			dstSubfolderSpec = 10;
			files = (
				C8C384F126BD1840009CF806 /* WebRTC.xcframework in Embed Frameworks */,
				C896B2D826F72C2500339989 /* AFNetworking.framework in Embed Frameworks */,
				C82DB8BB26B39B0500813378 /* FMDB.framework in Embed Frameworks */,
				C8C384EC26BD182F009CF806 /* cell.xcframework in Embed Frameworks */,
			);
			name = "Embed Frameworks";
			runOnlyForDeploymentPostprocessing = 0;
		};
/* End PBXCopyFilesBuildPhase section */

/* Begin PBXFileReference section */
		C8077E1926F1808900E36265 /* DeviceKit.framework */ = {isa = PBXFileReference; lastKnownFileType = wrapper.framework; name = DeviceKit.framework; path = ../libs/DeviceKit.framework; sourceTree = "<group>"; };
		C8077E3626F1869300E36265 /* DeviceKit.xcframework */ = {isa = PBXFileReference; lastKnownFileType = wrapper.xcframework; name = DeviceKit.xcframework; path = ../libs/DeviceKit.xcframework; sourceTree = "<group>"; };
		C8077E3B26F1899E00E36265 /* DeviceUtil.m */ = {isa = PBXFileReference; fileEncoding = 4; lastKnownFileType = sourcecode.c.objc; path = DeviceUtil.m; sourceTree = "<group>"; };
		C8077E3C26F1899E00E36265 /* DeviceUtil+Constant.h */ = {isa = PBXFileReference; fileEncoding = 4; lastKnownFileType = sourcecode.c.h; path = "DeviceUtil+Constant.h"; sourceTree = "<group>"; };
		C8077E3D26F1899E00E36265 /* DeviceUtil+Constant.m */ = {isa = PBXFileReference; fileEncoding = 4; lastKnownFileType = sourcecode.c.objc; path = "DeviceUtil+Constant.m"; sourceTree = "<group>"; };
		C8077E3E26F1899E00E36265 /* DeviceUtil.h */ = {isa = PBXFileReference; fileEncoding = 4; lastKnownFileType = sourcecode.c.h; path = DeviceUtil.h; sourceTree = "<group>"; };
		C8077E4726F18A3400E36265 /* DeviceList.plist */ = {isa = PBXFileReference; fileEncoding = 4; lastKnownFileType = text.plist.xml; path = DeviceList.plist; sourceTree = "<group>"; };
		C80A208126D71C7D00255B11 /* CMessagingService.m */ = {isa = PBXFileReference; lastKnownFileType = sourcecode.c.objc; path = CMessagingService.m; sourceTree = "<group>"; };
		C80A208526D71C8A00255B11 /* CMessagingService.h */ = {isa = PBXFileReference; lastKnownFileType = sourcecode.c.h; path = CMessagingService.h; sourceTree = "<group>"; };
		C80A208926D725AE00255B11 /* CMessage.h */ = {isa = PBXFileReference; lastKnownFileType = sourcecode.c.h; path = CMessage.h; sourceTree = "<group>"; };
		C80A208C26D725BB00255B11 /* CMessage.m */ = {isa = PBXFileReference; lastKnownFileType = sourcecode.c.objc; path = CMessage.m; sourceTree = "<group>"; };
		C80A208F26D7278800255B11 /* CMessagingAction.h */ = {isa = PBXFileReference; lastKnownFileType = sourcecode.c.h; path = CMessagingAction.h; sourceTree = "<group>"; };
		C80A209026D7379600255B11 /* CMessageState.h */ = {isa = PBXFileReference; lastKnownFileType = sourcecode.c.h; path = CMessageState.h; sourceTree = "<group>"; };
		C80A209426D7390200255B11 /* CMessagingServiceState.h */ = {isa = PBXFileReference; lastKnownFileType = sourcecode.c.h; path = CMessagingServiceState.h; sourceTree = "<group>"; };
		C80A209726D740F800255B11 /* CMessagingStorage.h */ = {isa = PBXFileReference; lastKnownFileType = sourcecode.c.h; path = CMessagingStorage.h; sourceTree = "<group>"; };
		C80A209826D7410600255B11 /* CMessagingStorage.m */ = {isa = PBXFileReference; lastKnownFileType = sourcecode.c.objc; path = CMessagingStorage.m; sourceTree = "<group>"; };
		C80E824A271407D6008A996A /* CContactZoneParticipant.m */ = {isa = PBXFileReference; lastKnownFileType = sourcecode.c.objc; path = CContactZoneParticipant.m; sourceTree = "<group>"; };
		C80E824C2714080E008A996A /* CContactZoneParticipant.h */ = {isa = PBXFileReference; lastKnownFileType = sourcecode.c.h; path = CContactZoneParticipant.h; sourceTree = "<group>"; };
		C817FE0626C12B6F0080D697 /* CContactAppendix.h */ = {isa = PBXFileReference; lastKnownFileType = sourcecode.c.h; path = CContactAppendix.h; sourceTree = "<group>"; };
		C817FE0926C12B7C0080D697 /* CContactAppendix.m */ = {isa = PBXFileReference; lastKnownFileType = sourcecode.c.objc; path = CContactAppendix.m; sourceTree = "<group>"; };
		C817FE0D26C12C460080D697 /* CContactEvent.h */ = {isa = PBXFileReference; lastKnownFileType = sourcecode.c.h; path = CContactEvent.h; sourceTree = "<group>"; };
		C817FE1126C14E930080D697 /* CContactServiceState.h */ = {isa = PBXFileReference; lastKnownFileType = sourcecode.c.h; path = CContactServiceState.h; sourceTree = "<group>"; };
		C817FE1526C153250080D697 /* CContactZone.h */ = {isa = PBXFileReference; lastKnownFileType = sourcecode.c.h; path = CContactZone.h; sourceTree = "<group>"; };
		C817FE1926C153320080D697 /* CContactZone.m */ = {isa = PBXFileReference; lastKnownFileType = sourcecode.c.objc; path = CContactZone.m; sourceTree = "<group>"; };
		C81A945E2700731B00FA13E9 /* CPipelineStateDelegate.h */ = {isa = PBXFileReference; lastKnownFileType = sourcecode.c.h; path = CPipelineStateDelegate.h; sourceTree = "<group>"; };
		C81A94712700761E00FA13E9 /* CKernel+Delegate.h */ = {isa = PBXFileReference; lastKnownFileType = sourcecode.c.h; path = "CKernel+Delegate.h"; sourceTree = "<group>"; };
		C81A94722700762B00FA13E9 /* CKernel+Delegate.m */ = {isa = PBXFileReference; lastKnownFileType = sourcecode.c.objc; path = "CKernel+Delegate.m"; sourceTree = "<group>"; };
		C82DB8AD26B398F700813378 /* MagicalRecord.framework */ = {isa = PBXFileReference; explicitFileType = wrapper.framework; path = MagicalRecord.framework; sourceTree = BUILT_PRODUCTS_DIR; };
		C82DB8B926B39B0500813378 /* FMDB.framework */ = {isa = PBXFileReference; explicitFileType = wrapper.framework; path = FMDB.framework; sourceTree = BUILT_PRODUCTS_DIR; };
		C82DB8BD26B3AE7900813378 /* CAuthStorage.m */ = {isa = PBXFileReference; lastKnownFileType = sourcecode.c.objc; path = CAuthStorage.m; sourceTree = "<group>"; };
		C82DB8C026B3AE9300813378 /* CAuthStorage.h */ = {isa = PBXFileReference; lastKnownFileType = sourcecode.c.h; path = CAuthStorage.h; sourceTree = "<group>"; };
		C82DB8EC26B3FC9C00813378 /* CAuthAction.h */ = {isa = PBXFileReference; lastKnownFileType = sourcecode.c.h; path = CAuthAction.h; sourceTree = "<group>"; };
		C8361BF2268EB52700B1E15E /* CAuthToken.m */ = {isa = PBXFileReference; lastKnownFileType = sourcecode.c.objc; path = CAuthToken.m; sourceTree = "<group>"; };
		C8361BF5268EB53300B1E15E /* CAuthToken.h */ = {isa = PBXFileReference; lastKnownFileType = sourcecode.c.h; path = CAuthToken.h; sourceTree = "<group>"; };
		C8361BF8268EBD6C00B1E15E /* CJSONable.h */ = {isa = PBXFileReference; lastKnownFileType = sourcecode.c.h; path = CJSONable.h; sourceTree = "<group>"; };
		C8361BF9268EBD7700B1E15E /* CJSONable.m */ = {isa = PBXFileReference; lastKnownFileType = sourcecode.c.objc; path = CJSONable.m; sourceTree = "<group>"; };
		C8400AAB26C1F98B00C8FF48 /* CDevice.m */ = {isa = PBXFileReference; lastKnownFileType = sourcecode.c.objc; path = CDevice.m; sourceTree = "<group>"; };
		C8400AAE26C1F99900C8FF48 /* CDevice.h */ = {isa = PBXFileReference; lastKnownFileType = sourcecode.c.h; path = CDevice.h; sourceTree = "<group>"; };
		C8400AB226C20DB600C8FF48 /* CGroup.h */ = {isa = PBXFileReference; lastKnownFileType = sourcecode.c.h; path = CGroup.h; sourceTree = "<group>"; };
		C8400AB526C20DC100C8FF48 /* CGroup.m */ = {isa = PBXFileReference; lastKnownFileType = sourcecode.c.objc; path = CGroup.m; sourceTree = "<group>"; };
		C8400AB926C20EAB00C8FF48 /* CGroupAppendix.m */ = {isa = PBXFileReference; lastKnownFileType = sourcecode.c.objc; path = CGroupAppendix.m; sourceTree = "<group>"; };
		C8400ABC26C20EBB00C8FF48 /* CGroupAppendix.h */ = {isa = PBXFileReference; lastKnownFileType = sourcecode.c.h; path = CGroupAppendix.h; sourceTree = "<group>"; };
		C8400AC026C2175400C8FF48 /* CGroupState.h */ = {isa = PBXFileReference; lastKnownFileType = sourcecode.c.h; path = CGroupState.h; sourceTree = "<group>"; };
		C8400AC326C21DC400C8FF48 /* CSelf.h */ = {isa = PBXFileReference; lastKnownFileType = sourcecode.c.h; path = CSelf.h; sourceTree = "<group>"; };
		C8400AC626C21DD000C8FF48 /* CSelf.m */ = {isa = PBXFileReference; lastKnownFileType = sourcecode.c.objc; path = CSelf.m; sourceTree = "<group>"; };
		C8400ACA26C2214800C8FF48 /* CContactPipelineListener.h */ = {isa = PBXFileReference; lastKnownFileType = sourcecode.c.h; path = CContactPipelineListener.h; sourceTree = "<group>"; };
		C8400ACB26C2215400C8FF48 /* CContactPipelineListener.m */ = {isa = PBXFileReference; lastKnownFileType = sourcecode.c.objc; path = CContactPipelineListener.m; sourceTree = "<group>"; };
		C842BDCC26DE070B008A8517 /* CHook.m */ = {isa = PBXFileReference; lastKnownFileType = sourcecode.c.objc; path = CHook.m; sourceTree = "<group>"; };
		C842BDCF26DE071C008A8517 /* CPlugin.h */ = {isa = PBXFileReference; lastKnownFileType = sourcecode.c.h; path = CPlugin.h; sourceTree = "<group>"; };
		C842BDD226DE07C7008A8517 /* CHook.h */ = {isa = PBXFileReference; lastKnownFileType = sourcecode.c.h; path = CHook.h; sourceTree = "<group>"; };
		C842BDD426DE085A008A8517 /* CPluginSystem.h */ = {isa = PBXFileReference; lastKnownFileType = sourcecode.c.h; path = CPluginSystem.h; sourceTree = "<group>"; };
		C842BDD826DE0865008A8517 /* CPluginSystem.m */ = {isa = PBXFileReference; lastKnownFileType = sourcecode.c.objc; path = CPluginSystem.m; sourceTree = "<group>"; };
		C842BDDC26DE33E4008A8517 /* CInstantiateHook.m */ = {isa = PBXFileReference; lastKnownFileType = sourcecode.c.objc; path = CInstantiateHook.m; sourceTree = "<group>"; };
		C842BDDF26DE33F2008A8517 /* CInstantiateHook.h */ = {isa = PBXFileReference; lastKnownFileType = sourcecode.c.h; path = CInstantiateHook.h; sourceTree = "<group>"; };
		C842BDE226DE38F5008A8517 /* CMessageTypePlugin.h */ = {isa = PBXFileReference; lastKnownFileType = sourcecode.c.h; path = CMessageTypePlugin.h; sourceTree = "<group>"; };
		C842BDE326DE3901008A8517 /* CMessageTypePlugin.m */ = {isa = PBXFileReference; lastKnownFileType = sourcecode.c.objc; path = CMessageTypePlugin.m; sourceTree = "<group>"; };
		C842BDE826DE45DF008A8517 /* CTypeableMessage.m */ = {isa = PBXFileReference; lastKnownFileType = sourcecode.c.objc; path = CTypeableMessage.m; sourceTree = "<group>"; };
		C842BDEB26DE45EC008A8517 /* CTypeableMessage.h */ = {isa = PBXFileReference; lastKnownFileType = sourcecode.c.h; path = CTypeableMessage.h; sourceTree = "<group>"; };
		C859CF3B26DF0BBF003040CC /* CHyperTextMessage.h */ = {isa = PBXFileReference; lastKnownFileType = sourcecode.c.h; path = CHyperTextMessage.h; sourceTree = "<group>"; };
		C859CF3E26DF0C04003040CC /* CHyperTextMessage.m */ = {isa = PBXFileReference; lastKnownFileType = sourcecode.c.objc; path = CHyperTextMessage.m; sourceTree = "<group>"; };
		C859CF4226DF263D003040CC /* NSString+Cube.h */ = {isa = PBXFileReference; lastKnownFileType = sourcecode.c.h; path = "NSString+Cube.h"; sourceTree = "<group>"; };
		C859CF4326DF2647003040CC /* NSString+Cube.m */ = {isa = PBXFileReference; lastKnownFileType = sourcecode.c.objc; path = "NSString+Cube.m"; sourceTree = "<group>"; };
		C85DF787270D8C350009EB73 /* CMessageDraft.h */ = {isa = PBXFileReference; lastKnownFileType = sourcecode.c.h; path = CMessageDraft.h; sourceTree = "<group>"; };
		C85DF788270D8C4D0009EB73 /* CMessageDraft.m */ = {isa = PBXFileReference; lastKnownFileType = sourcecode.c.objc; path = CMessageDraft.m; sourceTree = "<group>"; };
		C88461E226B55A3A00A8A3C6 /* CError.h */ = {isa = PBXFileReference; lastKnownFileType = sourcecode.c.h; path = CError.h; sourceTree = "<group>"; };
		C88461E326B55A4B00A8A3C6 /* CError.m */ = {isa = PBXFileReference; lastKnownFileType = sourcecode.c.objc; path = CError.m; sourceTree = "<group>"; };
		C896B2B726F713CD00339989 /* CNetworkStatusManager.h */ = {isa = PBXFileReference; lastKnownFileType = sourcecode.c.h; path = CNetworkStatusManager.h; sourceTree = "<group>"; };
		C896B2B826F713DB00339989 /* CNetworkStatusManager.m */ = {isa = PBXFileReference; lastKnownFileType = sourcecode.c.objc; path = CNetworkStatusManager.m; sourceTree = "<group>"; };
		C896B2D626F72C2500339989 /* AFNetworking.framework */ = {isa = PBXFileReference; explicitFileType = wrapper.framework; path = AFNetworking.framework; sourceTree = BUILT_PRODUCTS_DIR; };
		C89D151326BE712300C4A55F /* CContactAction.h */ = {isa = PBXFileReference; lastKnownFileType = sourcecode.c.h; path = CContactAction.h; sourceTree = "<group>"; };
		C8ACAC8026B953530057740D /* CEngine.h */ = {isa = PBXFileReference; lastKnownFileType = sourcecode.c.h; path = CEngine.h; sourceTree = "<group>"; };
		C8B755AF268ABA6300812A4C /* CStateCode.h */ = {isa = PBXFileReference; lastKnownFileType = sourcecode.c.h; path = CStateCode.h; sourceTree = "<group>"; };
		C8B755B0268ABD1B00812A4C /* CStateCode.m */ = {isa = PBXFileReference; lastKnownFileType = sourcecode.c.objc; path = CStateCode.m; sourceTree = "<group>"; };
		C8B755D7268B384F00812A4C /* CModule.m */ = {isa = PBXFileReference; lastKnownFileType = sourcecode.c.objc; path = CModule.m; sourceTree = "<group>"; };
		C8B755DB268B385A00812A4C /* CModule.h */ = {isa = PBXFileReference; lastKnownFileType = sourcecode.c.h; path = CModule.h; sourceTree = "<group>"; };
		C8B755DC268B393100812A4C /* CObservableEvent.h */ = {isa = PBXFileReference; lastKnownFileType = sourcecode.c.h; path = CObservableEvent.h; sourceTree = "<group>"; };
		C8B755DD268B393E00812A4C /* CObservableEvent.m */ = {isa = PBXFileReference; lastKnownFileType = sourcecode.c.objc; path = CObservableEvent.m; sourceTree = "<group>"; };
		C8B755E2268B3C4300812A4C /* CSubject.m */ = {isa = PBXFileReference; lastKnownFileType = sourcecode.c.objc; path = CSubject.m; sourceTree = "<group>"; };
		C8B755E5268B3C4F00812A4C /* CSubject.h */ = {isa = PBXFileReference; lastKnownFileType = sourcecode.c.h; path = CSubject.h; sourceTree = "<group>"; };
		C8B755E7268B3FB500812A4C /* CObserver.h */ = {isa = PBXFileReference; lastKnownFileType = sourcecode.c.h; path = CObserver.h; sourceTree = "<group>"; };
		C8B755E8268B3FC000812A4C /* CObserver.m */ = {isa = PBXFileReference; lastKnownFileType = sourcecode.c.objc; path = CObserver.m; sourceTree = "<group>"; };
		C8B885EF26DC67B000E678B2 /* MessagingTest.m */ = {isa = PBXFileReference; lastKnownFileType = sourcecode.c.objc; path = MessagingTest.m; sourceTree = "<group>"; };
		C8BE510326D8749500935149 /* CMessagingPipelineListener.m */ = {isa = PBXFileReference; lastKnownFileType = sourcecode.c.objc; path = CMessagingPipelineListener.m; sourceTree = "<group>"; };
		C8BE510626D874A000935149 /* CMessagingPipelineListener.h */ = {isa = PBXFileReference; lastKnownFileType = sourcecode.c.h; path = CMessagingPipelineListener.h; sourceTree = "<group>"; };
		C8BE510726D8753500935149 /* CMessagingService+Core.h */ = {isa = PBXFileReference; lastKnownFileType = sourcecode.c.h; path = "CMessagingService+Core.h"; sourceTree = "<group>"; };
		C8BE510826D8754400935149 /* CMessagingService+Core.m */ = {isa = PBXFileReference; lastKnownFileType = sourcecode.c.objc; path = "CMessagingService+Core.m"; sourceTree = "<group>"; };
		C8BE510D26D87DCE00935149 /* CMessagingObserver.m */ = {isa = PBXFileReference; lastKnownFileType = sourcecode.c.objc; path = CMessagingObserver.m; sourceTree = "<group>"; };
		C8BE511026D87DD700935149 /* CMessagingObserver.h */ = {isa = PBXFileReference; lastKnownFileType = sourcecode.c.h; path = CMessagingObserver.h; sourceTree = "<group>"; };
		C8BE511226D8969900935149 /* CMessagingEvent.h */ = {isa = PBXFileReference; lastKnownFileType = sourcecode.c.h; path = CMessagingEvent.h; sourceTree = "<group>"; };
		C8BE511526D896A500935149 /* CMessagingEvent.m */ = {isa = PBXFileReference; lastKnownFileType = sourcecode.c.objc; path = CMessagingEvent.m; sourceTree = "<group>"; };
		C8BE85AC26B77FD9007E154E /* KernelTest.m */ = {isa = PBXFileReference; lastKnownFileType = sourcecode.c.objc; path = KernelTest.m; sourceTree = "<group>"; };
		C8BFA9952704132B00193794 /* CEventJitter.m */ = {isa = PBXFileReference; lastKnownFileType = sourcecode.c.objc; path = CEventJitter.m; sourceTree = "<group>"; };
		C8BFA9982704133800193794 /* CEventJitter.h */ = {isa = PBXFileReference; lastKnownFileType = sourcecode.c.h; path = CEventJitter.h; sourceTree = "<group>"; };
		C8C384D526BCD7C8009CF806 /* CContactService.h */ = {isa = PBXFileReference; lastKnownFileType = sourcecode.c.h; path = CContactService.h; sourceTree = "<group>"; };
		C8C384D926BCD7DA009CF806 /* CContactService.m */ = {isa = PBXFileReference; lastKnownFileType = sourcecode.c.objc; path = CContactService.m; sourceTree = "<group>"; };
		C8C384DC26BD0306009CF806 /* CContactStorage.m */ = {isa = PBXFileReference; lastKnownFileType = sourcecode.c.objc; path = CContactStorage.m; sourceTree = "<group>"; };
		C8C384DF26BD0322009CF806 /* CContactStorage.h */ = {isa = PBXFileReference; lastKnownFileType = sourcecode.c.h; path = CContactStorage.h; sourceTree = "<group>"; };
		C8C384E126BD043A009CF806 /* CEntity.h */ = {isa = PBXFileReference; lastKnownFileType = sourcecode.c.h; path = CEntity.h; sourceTree = "<group>"; };
		C8C384E426BD0448009CF806 /* CEntity.m */ = {isa = PBXFileReference; lastKnownFileType = sourcecode.c.objc; path = CEntity.m; sourceTree = "<group>"; };
		C8C384EA26BD182F009CF806 /* cell.xcframework */ = {isa = PBXFileReference; lastKnownFileType = wrapper.xcframework; name = cell.xcframework; path = ../libs/cell.xcframework; sourceTree = "<group>"; };
		C8C384EF26BD1840009CF806 /* WebRTC.xcframework */ = {isa = PBXFileReference; lastKnownFileType = wrapper.xcframework; name = WebRTC.xcframework; path = ../libs/WebRTC.xcframework; sourceTree = "<group>"; };
		C8C384F326BD1B68009CF806 /* CUtils.m */ = {isa = PBXFileReference; lastKnownFileType = sourcecode.c.objc; path = CUtils.m; sourceTree = "<group>"; };
		C8C384F626BD1B73009CF806 /* CUtils.h */ = {isa = PBXFileReference; lastKnownFileType = sourcecode.c.h; path = CUtils.h; sourceTree = "<group>"; };
		C8C384F826BD2373009CF806 /* CAbstractContact.h */ = {isa = PBXFileReference; lastKnownFileType = sourcecode.c.h; path = CAbstractContact.h; sourceTree = "<group>"; };
		C8C384F926BD2380009CF806 /* CAbstractContact.m */ = {isa = PBXFileReference; lastKnownFileType = sourcecode.c.objc; path = CAbstractContact.m; sourceTree = "<group>"; };
		C8C384FE26BD275C009CF806 /* CContact.m */ = {isa = PBXFileReference; lastKnownFileType = sourcecode.c.objc; path = CContact.m; sourceTree = "<group>"; };
		C8C3850126BD2775009CF806 /* CContact.h */ = {isa = PBXFileReference; lastKnownFileType = sourcecode.c.h; path = CContact.h; sourceTree = "<group>"; };
		C8C4055E272583D4000DCEC8 /* CEntityInspector.h */ = {isa = PBXFileReference; lastKnownFileType = sourcecode.c.h; path = CEntityInspector.h; sourceTree = "<group>"; };
		C8C4055F272583E4000DCEC8 /* CEntityInspector.m */ = {isa = PBXFileReference; lastKnownFileType = sourcecode.c.objc; path = CEntityInspector.m; sourceTree = "<group>"; };
		C8C81C2426FC7BC500455355 /* CMessageType.h */ = {isa = PBXFileReference; lastKnownFileType = sourcecode.c.h; path = CMessageType.h; sourceTree = "<group>"; };
		C8DF88A6268D699C00399C99 /* cell.xcframework */ = {isa = PBXFileReference; lastKnownFileType = wrapper.xcframework; name = cell.xcframework; path = ../../libs/cell.xcframework; sourceTree = "<group>"; };
		C8DF88AA268D69A600399C99 /* WebRTC.xcframework */ = {isa = PBXFileReference; lastKnownFileType = wrapper.xcframework; name = WebRTC.xcframework; path = ../../libs/WebRTC.xcframework; sourceTree = "<group>"; };
		C8DF88B1268DAD4D00399C99 /* CAuthService.m */ = {isa = PBXFileReference; lastKnownFileType = sourcecode.c.objc; path = CAuthService.m; sourceTree = "<group>"; };
		C8DF88B5268DAD5B00399C99 /* CAuthService.h */ = {isa = PBXFileReference; lastKnownFileType = sourcecode.c.h; path = CAuthService.h; sourceTree = "<group>"; };
		C8DF88B8268DB2C300399C99 /* CEngine.m */ = {isa = PBXFileReference; lastKnownFileType = sourcecode.c.objc; path = CEngine.m; sourceTree = "<group>"; };
		C8E3257B26E0A40B005CA08A /* CMessagingExtension.h */ = {isa = PBXFileReference; lastKnownFileType = sourcecode.c.h; path = CMessagingExtension.h; sourceTree = "<group>"; };
		C8F1A545268985A70020F136 /* Cube.framework */ = {isa = PBXFileReference; explicitFileType = wrapper.framework; includeInIndex = 0; path = Cube.framework; sourceTree = BUILT_PRODUCTS_DIR; };
		C8F1A548268985A70020F136 /* Cube.h */ = {isa = PBXFileReference; lastKnownFileType = sourcecode.c.h; path = Cube.h; sourceTree = "<group>"; };
		C8F1A549268985A70020F136 /* Info.plist */ = {isa = PBXFileReference; lastKnownFileType = text.plist.xml; path = Info.plist; sourceTree = "<group>"; };
		C8F1A54E268985A70020F136 /* CubeTests.xctest */ = {isa = PBXFileReference; explicitFileType = wrapper.cfbundle; includeInIndex = 0; path = CubeTests.xctest; sourceTree = BUILT_PRODUCTS_DIR; };
		C8F1A553268985A70020F136 /* CubeTests.m */ = {isa = PBXFileReference; lastKnownFileType = sourcecode.c.objc; path = CubeTests.m; sourceTree = "<group>"; };
		C8F1A555268985A70020F136 /* Info.plist */ = {isa = PBXFileReference; lastKnownFileType = text.plist.xml; path = Info.plist; sourceTree = "<group>"; };
		C8F1A56426899B770020F136 /* CKernel.h */ = {isa = PBXFileReference; lastKnownFileType = sourcecode.c.h; path = CKernel.h; sourceTree = "<group>"; };
		C8F1A56826899B980020F136 /* CKernel.m */ = {isa = PBXFileReference; lastKnownFileType = sourcecode.c.objc; path = CKernel.m; sourceTree = "<group>"; };
		C8F1A56C26899F910020F136 /* CPipeline.m */ = {isa = PBXFileReference; lastKnownFileType = sourcecode.c.objc; path = CPipeline.m; sourceTree = "<group>"; };
		C8F1A57026899FB60020F136 /* CPipeline.h */ = {isa = PBXFileReference; lastKnownFileType = sourcecode.c.h; path = CPipeline.h; sourceTree = "<group>"; };
		C8F1A57A2689A1E80020F136 /* PromiseKit.framework */ = {isa = PBXFileReference; explicitFileType = wrapper.framework; path = PromiseKit.framework; sourceTree = BUILT_PRODUCTS_DIR; };
		C8F1A5802689AC090020F136 /* CCellPipeline.h */ = {isa = PBXFileReference; lastKnownFileType = sourcecode.c.h; path = CCellPipeline.h; sourceTree = "<group>"; };
		C8F1A5812689AC230020F136 /* CCellPipeline.m */ = {isa = PBXFileReference; lastKnownFileType = sourcecode.c.objc; path = CCellPipeline.m; sourceTree = "<group>"; };
		C8F1A5B42689CE350020F136 /* CPacket.m */ = {isa = PBXFileReference; lastKnownFileType = sourcecode.c.objc; path = CPacket.m; sourceTree = "<group>"; };
		C8F1A5B72689CE430020F136 /* CPacket.h */ = {isa = PBXFileReference; lastKnownFileType = sourcecode.c.h; path = CPacket.h; sourceTree = "<group>"; };
		C8F4596226C4B66000CC4E13 /* CContactService+Core.m */ = {isa = PBXFileReference; lastKnownFileType = sourcecode.c.objc; path = "CContactService+Core.m"; sourceTree = "<group>"; };
		C8F4596526C4B66C00CC4E13 /* CContactService+Core.h */ = {isa = PBXFileReference; lastKnownFileType = sourcecode.c.h; path = "CContactService+Core.h"; sourceTree = "<group>"; };
		C8F4596726C5346900CC4E13 /* CContactEvent.m */ = {isa = PBXFileReference; lastKnownFileType = sourcecode.c.objc; path = CContactEvent.m; sourceTree = "<group>"; };
/* End PBXFileReference section */

/* Begin PBXFrameworksBuildPhase section */
		C8F1A542268985A70020F136 /* Frameworks */ = {
			isa = PBXFrameworksBuildPhase;
			buildActionMask = 2147483647;
			files = (
				C8C384F026BD1840009CF806 /* WebRTC.xcframework in Frameworks */,
				C896B2D726F72C2500339989 /* AFNetworking.framework in Frameworks */,
				C82DB8BA26B39B0500813378 /* FMDB.framework in Frameworks */,
				C8C384EB26BD182F009CF806 /* cell.xcframework in Frameworks */,
			);
			runOnlyForDeploymentPostprocessing = 0;
		};
		C8F1A54B268985A70020F136 /* Frameworks */ = {
			isa = PBXFrameworksBuildPhase;
			buildActionMask = 2147483647;
			files = (
				C8F1A54F268985A70020F136 /* Cube.framework in Frameworks */,
			);
			runOnlyForDeploymentPostprocessing = 0;
		};
/* End PBXFrameworksBuildPhase section */

/* Begin PBXGroup section */
		C80A208026D718BF00255B11 /* Messaging */ = {
			isa = PBXGroup;
			children = (
				C8BFA9982704133800193794 /* CEventJitter.h */,
				C8BFA9952704132B00193794 /* CEventJitter.m */,
				C842BDDF26DE33F2008A8517 /* CInstantiateHook.h */,
				C842BDDC26DE33E4008A8517 /* CInstantiateHook.m */,
				C80A208926D725AE00255B11 /* CMessage.h */,
				C80A208C26D725BB00255B11 /* CMessage.m */,
				C85DF787270D8C350009EB73 /* CMessageDraft.h */,
				C85DF788270D8C4D0009EB73 /* CMessageDraft.m */,
				C80A209026D7379600255B11 /* CMessageState.h */,
				C8C81C2426FC7BC500455355 /* CMessageType.h */,
				C80A208F26D7278800255B11 /* CMessagingAction.h */,
				C8BE511226D8969900935149 /* CMessagingEvent.h */,
				C8BE511526D896A500935149 /* CMessagingEvent.m */,
				C8E3257B26E0A40B005CA08A /* CMessagingExtension.h */,
				C8BE511026D87DD700935149 /* CMessagingObserver.h */,
				C8BE510D26D87DCE00935149 /* CMessagingObserver.m */,
				C8BE510626D874A000935149 /* CMessagingPipelineListener.h */,
				C8BE510326D8749500935149 /* CMessagingPipelineListener.m */,
				C80A208526D71C8A00255B11 /* CMessagingService.h */,
				C80A208126D71C7D00255B11 /* CMessagingService.m */,
				C8BE510726D8753500935149 /* CMessagingService+Core.h */,
				C8BE510826D8754400935149 /* CMessagingService+Core.m */,
				C80A209426D7390200255B11 /* CMessagingServiceState.h */,
				C80A209726D740F800255B11 /* CMessagingStorage.h */,
				C80A209826D7410600255B11 /* CMessagingStorage.m */,
				C842BDE126DE37C3008A8517 /* Extension */,
			);
			path = Messaging;
			sourceTree = "<group>";
		};
		C8361BF7268EBD4500B1E15E /* Util */ = {
			isa = PBXGroup;
			children = (
				C8361BF8268EBD6C00B1E15E /* CJSONable.h */,
				C8361BF9268EBD7700B1E15E /* CJSONable.m */,
				C8C384F626BD1B73009CF806 /* CUtils.h */,
				C8C384F326BD1B68009CF806 /* CUtils.m */,
				C8077E3E26F1899E00E36265 /* DeviceUtil.h */,
				C8077E3B26F1899E00E36265 /* DeviceUtil.m */,
				C8077E3C26F1899E00E36265 /* DeviceUtil+Constant.h */,
				C8077E3D26F1899E00E36265 /* DeviceUtil+Constant.m */,
				C859CF4226DF263D003040CC /* NSString+Cube.h */,
				C859CF4326DF2647003040CC /* NSString+Cube.m */,
				C8077E4726F18A3400E36265 /* DeviceList.plist */,
			);
			path = Util;
			sourceTree = "<group>";
		};
		C842BDE126DE37C3008A8517 /* Extension */ = {
			isa = PBXGroup;
			children = (
				C859CF3B26DF0BBF003040CC /* CHyperTextMessage.h */,
				C859CF3E26DF0C04003040CC /* CHyperTextMessage.m */,
				C842BDE226DE38F5008A8517 /* CMessageTypePlugin.h */,
				C842BDE326DE3901008A8517 /* CMessageTypePlugin.m */,
				C842BDEB26DE45EC008A8517 /* CTypeableMessage.h */,
				C842BDE826DE45DF008A8517 /* CTypeableMessage.m */,
			);
			path = Extension;
			sourceTree = "<group>";
		};
		C8C384D426BCD788009CF806 /* Contact */ = {
			isa = PBXGroup;
			children = (
				C8C384F826BD2373009CF806 /* CAbstractContact.h */,
				C8C384F926BD2380009CF806 /* CAbstractContact.m */,
				C8C3850126BD2775009CF806 /* CContact.h */,
				C8C384FE26BD275C009CF806 /* CContact.m */,
				C89D151326BE712300C4A55F /* CContactAction.h */,
				C817FE0626C12B6F0080D697 /* CContactAppendix.h */,
				C817FE0926C12B7C0080D697 /* CContactAppendix.m */,
				C817FE0D26C12C460080D697 /* CContactEvent.h */,
				C8F4596726C5346900CC4E13 /* CContactEvent.m */,
				C8400ACA26C2214800C8FF48 /* CContactPipelineListener.h */,
				C8400ACB26C2215400C8FF48 /* CContactPipelineListener.m */,
				C8C384D526BCD7C8009CF806 /* CContactService.h */,
				C8C384D926BCD7DA009CF806 /* CContactService.m */,
				C8F4596526C4B66C00CC4E13 /* CContactService+Core.h */,
				C8F4596226C4B66000CC4E13 /* CContactService+Core.m */,
				C817FE1126C14E930080D697 /* CContactServiceState.h */,
				C8C384DF26BD0322009CF806 /* CContactStorage.h */,
				C8C384DC26BD0306009CF806 /* CContactStorage.m */,
				C817FE1526C153250080D697 /* CContactZone.h */,
				C817FE1926C153320080D697 /* CContactZone.m */,
				C80E824C2714080E008A996A /* CContactZoneParticipant.h */,
				C80E824A271407D6008A996A /* CContactZoneParticipant.m */,
				C8400AAE26C1F99900C8FF48 /* CDevice.h */,
				C8400AAB26C1F98B00C8FF48 /* CDevice.m */,
				C8400AB226C20DB600C8FF48 /* CGroup.h */,
				C8400AB526C20DC100C8FF48 /* CGroup.m */,
				C8400ABC26C20EBB00C8FF48 /* CGroupAppendix.h */,
				C8400AB926C20EAB00C8FF48 /* CGroupAppendix.m */,
				C8400AC026C2175400C8FF48 /* CGroupState.h */,
				C8400AC326C21DC400C8FF48 /* CSelf.h */,
				C8400AC626C21DD000C8FF48 /* CSelf.m */,
			);
			path = Contact;
			sourceTree = "<group>";
		};
		C8DF88B0268DACB800399C99 /* Auth */ = {
			isa = PBXGroup;
			children = (
				C82DB8EC26B3FC9C00813378 /* CAuthAction.h */,
				C8DF88B5268DAD5B00399C99 /* CAuthService.h */,
				C8DF88B1268DAD4D00399C99 /* CAuthService.m */,
				C82DB8C026B3AE9300813378 /* CAuthStorage.h */,
				C82DB8BD26B3AE7900813378 /* CAuthStorage.m */,
				C8361BF5268EB53300B1E15E /* CAuthToken.h */,
				C8361BF2268EB52700B1E15E /* CAuthToken.m */,
			);
			path = Auth;
			sourceTree = "<group>";
		};
		C8DF88B7268DB29700399C99 /* Engine */ = {
			isa = PBXGroup;
			children = (
				C8ACAC8026B953530057740D /* CEngine.h */,
				C8DF88B8268DB2C300399C99 /* CEngine.m */,
			);
			path = Engine;
			sourceTree = "<group>";
		};
		C8F1A53B268985A70020F136 = {
			isa = PBXGroup;
			children = (
				C8F1A547268985A70020F136 /* Cube */,
				C8F1A552268985A70020F136 /* CubeTests */,
				C8F1A5792689A1E80020F136 /* Frameworks */,
				C8F1A546268985A70020F136 /* Products */,
			);
			sourceTree = "<group>";
		};
		C8F1A546268985A70020F136 /* Products */ = {
			isa = PBXGroup;
			children = (
				C8F1A545268985A70020F136 /* Cube.framework */,
				C8F1A54E268985A70020F136 /* CubeTests.xctest */,
			);
			name = Products;
			sourceTree = "<group>";
		};
		C8F1A547268985A70020F136 /* Cube */ = {
			isa = PBXGroup;
			children = (
				C8F1A548268985A70020F136 /* Cube.h */,
				C8F1A549268985A70020F136 /* Info.plist */,
				C8DF88B0268DACB800399C99 /* Auth */,
				C8C384D426BCD788009CF806 /* Contact */,
				C8F1A5632689989F0020F136 /* Core */,
				C8DF88B7268DB29700399C99 /* Engine */,
				C80A208026D718BF00255B11 /* Messaging */,
				C8F1A57F2689AB630020F136 /* Pipeline */,
				C8361BF7268EBD4500B1E15E /* Util */,
			);
			path = Cube;
			sourceTree = "<group>";
		};
		C8F1A552268985A70020F136 /* CubeTests */ = {
			isa = PBXGroup;
			children = (
				C8F1A553268985A70020F136 /* CubeTests.m */,
				C8BE85AC26B77FD9007E154E /* KernelTest.m */,
				C8B885EF26DC67B000E678B2 /* MessagingTest.m */,
				C8F1A555268985A70020F136 /* Info.plist */,
			);
			path = CubeTests;
			sourceTree = "<group>";
		};
		C8F1A5632689989F0020F136 /* Core */ = {
			isa = PBXGroup;
			children = (
				C8C384E126BD043A009CF806 /* CEntity.h */,
				C8C384E426BD0448009CF806 /* CEntity.m */,
				C8C4055E272583D4000DCEC8 /* CEntityInspector.h */,
				C8C4055F272583E4000DCEC8 /* CEntityInspector.m */,
				C88461E226B55A3A00A8A3C6 /* CError.h */,
				C88461E326B55A4B00A8A3C6 /* CError.m */,
				C842BDD226DE07C7008A8517 /* CHook.h */,
				C842BDCC26DE070B008A8517 /* CHook.m */,
				C8F1A56426899B770020F136 /* CKernel.h */,
				C8F1A56826899B980020F136 /* CKernel.m */,
				C81A94712700761E00FA13E9 /* CKernel+Delegate.h */,
				C81A94722700762B00FA13E9 /* CKernel+Delegate.m */,
				C8B755DB268B385A00812A4C /* CModule.h */,
				C8B755D7268B384F00812A4C /* CModule.m */,
				C8B755DC268B393100812A4C /* CObservableEvent.h */,
				C8B755DD268B393E00812A4C /* CObservableEvent.m */,
				C8B755E7268B3FB500812A4C /* CObserver.h */,
				C8B755E8268B3FC000812A4C /* CObserver.m */,
				C8F1A5B72689CE430020F136 /* CPacket.h */,
				C8F1A5B42689CE350020F136 /* CPacket.m */,
				C8F1A57026899FB60020F136 /* CPipeline.h */,
				C8F1A56C26899F910020F136 /* CPipeline.m */,
				C81A945E2700731B00FA13E9 /* CPipelineStateDelegate.h */,
				C842BDCF26DE071C008A8517 /* CPlugin.h */,
				C842BDD426DE085A008A8517 /* CPluginSystem.h */,
				C842BDD826DE0865008A8517 /* CPluginSystem.m */,
				C8B755AF268ABA6300812A4C /* CStateCode.h */,
				C8B755B0268ABD1B00812A4C /* CStateCode.m */,
				C8B755E5268B3C4F00812A4C /* CSubject.h */,
				C8B755E2268B3C4300812A4C /* CSubject.m */,
			);
			path = Core;
			sourceTree = "<group>";
		};
		C8F1A5792689A1E80020F136 /* Frameworks */ = {
			isa = PBXGroup;
			children = (
				C896B2D626F72C2500339989 /* AFNetworking.framework */,
				C8077E3626F1869300E36265 /* DeviceKit.xcframework */,
				C8077E1926F1808900E36265 /* DeviceKit.framework */,
				C8C384EF26BD1840009CF806 /* WebRTC.xcframework */,
				C8C384EA26BD182F009CF806 /* cell.xcframework */,
				C82DB8B926B39B0500813378 /* FMDB.framework */,
				C82DB8AD26B398F700813378 /* MagicalRecord.framework */,
				C8F1A57A2689A1E80020F136 /* PromiseKit.framework */,
				C8DF88A6268D699C00399C99 /* cell.xcframework */,
				C8DF88AA268D69A600399C99 /* WebRTC.xcframework */,
			);
			name = Frameworks;
			sourceTree = "<group>";
		};
		C8F1A57F2689AB630020F136 /* Pipeline */ = {
			isa = PBXGroup;
			children = (
				C8F1A5802689AC090020F136 /* CCellPipeline.h */,
				C8F1A5812689AC230020F136 /* CCellPipeline.m */,
				C896B2B726F713CD00339989 /* CNetworkStatusManager.h */,
				C896B2B826F713DB00339989 /* CNetworkStatusManager.m */,
			);
			path = Pipeline;
			sourceTree = "<group>";
		};
/* End PBXGroup section */

/* Begin PBXHeadersBuildPhase section */
		C8F1A540268985A70020F136 /* Headers */ = {
			isa = PBXHeadersBuildPhase;
			buildActionMask = 2147483647;
			files = (
				C8C384E226BD043A009CF806 /* CEntity.h in Headers */,
				C8C3850226BD2775009CF806 /* CContact.h in Headers */,
				C842BDD026DE071C008A8517 /* CPlugin.h in Headers */,
				C80A209526D7390200255B11 /* CMessagingServiceState.h in Headers */,
				C8D7557026EDAECA00B7368E /* CError.h in Headers */,
				C8DF88BC268DB2D300399C99 /* CAuthService.h in Headers */,
				C817FE1626C153250080D697 /* CContactZone.h in Headers */,
				C817FE0726C12B6F0080D697 /* CContactAppendix.h in Headers */,
				C8D7557626EDB14B00B7368E /* CModule.h in Headers */,
				C80E824D27140812008A996A /* CContactZoneParticipant.h in Headers */,
				C8077E7926F18C9200E36265 /* CAbstractContact.h in Headers */,
				C8400ABD26C20EBB00C8FF48 /* CGroupAppendix.h in Headers */,
				C81A945F2700733200FA13E9 /* CPipelineStateDelegate.h in Headers */,
				C8F1A556268985A70020F136 /* Cube.h in Headers */,
				C8022B4C26FAFE8F008E0D92 /* CTypeableMessage.h in Headers */,
				C8400AB326C20DB600C8FF48 /* CGroup.h in Headers */,
				C80A209126D7379600255B11 /* CMessageState.h in Headers */,
				C8ACAC8126B953530057740D /* CEngine.h in Headers */,
				C842BDD526DE085A008A8517 /* CPluginSystem.h in Headers */,
				C817FE1226C14E930080D697 /* CContactServiceState.h in Headers */,
				C8077E7526F18C6A00E36265 /* CJSONable.h in Headers */,
				C8400AC126C2175400C8FF48 /* CGroupState.h in Headers */,
				C832100026F5D77400FC02C4 /* CMessagingObserver.h in Headers */,
				C8D7557926EDB15700B7368E /* CSubject.h in Headers */,
				C8D7556D26EDAEB400B7368E /* CKernel.h in Headers */,
				C80A208A26D725AE00255B11 /* CMessage.h in Headers */,
				C859CF3C26DF0BBF003040CC /* CHyperTextMessage.h in Headers */,
				C8E3257C26E0A40B005CA08A /* CMessagingExtension.h in Headers */,
				C896B2BC26F713DF00339989 /* CNetworkStatusManager.h in Headers */,
				C8BE511326D8969900935149 /* CMessagingEvent.h in Headers */,
				C80A208626D71C8A00255B11 /* CMessagingService.h in Headers */,
				C85DF78A270D8C9F0009EB73 /* CMessageDraft.h in Headers */,
				C8400AAF26C1F99900C8FF48 /* CDevice.h in Headers */,
				C8C81C2526FC7BC500455355 /* CMessageType.h in Headers */,
				C8400AC426C21DC400C8FF48 /* CSelf.h in Headers */,
				C817FE0E26C12C460080D697 /* CContactEvent.h in Headers */,
				C8C384D626BCD7C8009CF806 /* CContactService.h in Headers */,
				C83124D72714448F001853FA /* NSString+Cube.h in Headers */,
				C8A0DA0526E1C8D80032A9D5 /* CUtils.h in Headers */,
			);
			runOnlyForDeploymentPostprocessing = 0;
		};
/* End PBXHeadersBuildPhase section */

/* Begin PBXNativeTarget section */
		C8F1A544268985A70020F136 /* Cube */ = {
			isa = PBXNativeTarget;
			buildConfigurationList = C8F1A559268985A70020F136 /* Build configuration list for PBXNativeTarget "Cube" */;
			buildPhases = (
				C8F1A540268985A70020F136 /* Headers */,
				C8F1A541268985A70020F136 /* Sources */,
				C8F1A542268985A70020F136 /* Frameworks */,
				C8F1A543268985A70020F136 /* Resources */,
				C8F1A57D2689A1E80020F136 /* Embed Frameworks */,
			);
			buildRules = (
			);
			dependencies = (
			);
			name = Cube;
			productName = Cube;
			productReference = C8F1A545268985A70020F136 /* Cube.framework */;
			productType = "com.apple.product-type.framework";
		};
		C8F1A54D268985A70020F136 /* CubeTests */ = {
			isa = PBXNativeTarget;
			buildConfigurationList = C8F1A55C268985A70020F136 /* Build configuration list for PBXNativeTarget "CubeTests" */;
			buildPhases = (
				C8F1A54A268985A70020F136 /* Sources */,
				C8F1A54B268985A70020F136 /* Frameworks */,
				C8F1A54C268985A70020F136 /* Resources */,
			);
			buildRules = (
			);
			dependencies = (
				C8F1A551268985A70020F136 /* PBXTargetDependency */,
			);
			name = CubeTests;
			productName = CubeTests;
			productReference = C8F1A54E268985A70020F136 /* CubeTests.xctest */;
			productType = "com.apple.product-type.bundle.unit-test";
		};
/* End PBXNativeTarget section */

/* Begin PBXProject section */
		C8F1A53C268985A70020F136 /* Project object */ = {
			isa = PBXProject;
			attributes = {
				LastUpgradeCheck = 1240;
				TargetAttributes = {
					C8F1A544268985A70020F136 = {
						CreatedOnToolsVersion = 12.4;
					};
					C8F1A54D268985A70020F136 = {
						CreatedOnToolsVersion = 12.4;
					};
				};
			};
			buildConfigurationList = C8F1A53F268985A70020F136 /* Build configuration list for PBXProject "Cube" */;
			compatibilityVersion = "Xcode 9.3";
			developmentRegion = en;
			hasScannedForEncodings = 0;
			knownRegions = (
				en,
				Base,
			);
			mainGroup = C8F1A53B268985A70020F136;
			productRefGroup = C8F1A546268985A70020F136 /* Products */;
			projectDirPath = "";
			projectRoot = "";
			targets = (
				C8F1A544268985A70020F136 /* Cube */,
				C8F1A54D268985A70020F136 /* CubeTests */,
			);
		};
/* End PBXProject section */

/* Begin PBXResourcesBuildPhase section */
		C8F1A543268985A70020F136 /* Resources */ = {
			isa = PBXResourcesBuildPhase;
			buildActionMask = 2147483647;
			files = (
				C8077E4826F18A3400E36265 /* DeviceList.plist in Resources */,
			);
			runOnlyForDeploymentPostprocessing = 0;
		};
		C8F1A54C268985A70020F136 /* Resources */ = {
			isa = PBXResourcesBuildPhase;
			buildActionMask = 2147483647;
			files = (
			);
			runOnlyForDeploymentPostprocessing = 0;
		};
/* End PBXResourcesBuildPhase section */

/* Begin PBXSourcesBuildPhase section */
		C8F1A541268985A70020F136 /* Sources */ = {
			isa = PBXSourcesBuildPhase;
			buildActionMask = 2147483647;
			files = (
				C8C384FA26BD2380009CF806 /* CAbstractContact.m in Sources */,
				C8B755E3268B3C4300812A4C /* CSubject.m in Sources */,
				C82DB8BE26B3AE7900813378 /* CAuthStorage.m in Sources */,
				C8F1A56926899B980020F136 /* CKernel.m in Sources */,
				C8BFA9962704132B00193794 /* CEventJitter.m in Sources */,
				C8C384DD26BD0306009CF806 /* CContactStorage.m in Sources */,
				C8361BFA268EBD7700B1E15E /* CJSONable.m in Sources */,
				C896B2B926F713DB00339989 /* CNetworkStatusManager.m in Sources */,
				C8B755B1268ABD1B00812A4C /* CStateCode.m in Sources */,
				C8F4596826C5346900CC4E13 /* CContactEvent.m in Sources */,
				C8C384F426BD1B68009CF806 /* CUtils.m in Sources */,
				C8C384FF26BD275C009CF806 /* CContact.m in Sources */,
				C8C40560272583E4000DCEC8 /* CEntityInspector.m in Sources */,
				C8F4596326C4B66000CC4E13 /* CContactService+Core.m in Sources */,
				C8DF88B9268DB2C300399C99 /* CEngine.m in Sources */,
				C8F1A5822689AC230020F136 /* CCellPipeline.m in Sources */,
				C80A208D26D725BB00255B11 /* CMessage.m in Sources */,
				C8361BF3268EB52700B1E15E /* CAuthToken.m in Sources */,
				C85DF789270D8C4D0009EB73 /* CMessageDraft.m in Sources */,
				C8400AC726C21DD000C8FF48 /* CSelf.m in Sources */,
				C842BDCD26DE070B008A8517 /* CHook.m in Sources */,
				C8BE510E26D87DCE00935149 /* CMessagingObserver.m in Sources */,
				C8400ABA26C20EAB00C8FF48 /* CGroupAppendix.m in Sources */,
				C8BE510926D8754400935149 /* CMessagingService+Core.m in Sources */,
				C80E824B271407D6008A996A /* CContactZoneParticipant.m in Sources */,
				C80A209926D7410600255B11 /* CMessagingStorage.m in Sources */,
				C8077E3F26F1899F00E36265 /* DeviceUtil.m in Sources */,
				C8BE511626D896A500935149 /* CMessagingEvent.m in Sources */,
				C859CF3F26DF0C04003040CC /* CHyperTextMessage.m in Sources */,
				C842BDE426DE3901008A8517 /* CMessageTypePlugin.m in Sources */,
				C8BE510426D8749500935149 /* CMessagingPipelineListener.m in Sources */,
				C8B755DE268B393E00812A4C /* CObservableEvent.m in Sources */,
				C80A208226D71C7D00255B11 /* CMessagingService.m in Sources */,
				C8DF88B2268DAD4D00399C99 /* CAuthService.m in Sources */,
				C8F1A56D26899F910020F136 /* CPipeline.m in Sources */,
				C842BDD926DE0865008A8517 /* CPluginSystem.m in Sources */,
				C8400AAC26C1F98B00C8FF48 /* CDevice.m in Sources */,
				C8F1A5B52689CE350020F136 /* CPacket.m in Sources */,
				C8077E4126F1899F00E36265 /* DeviceUtil+Constant.m in Sources */,
				C8C384DA26BCD7DA009CF806 /* CContactService.m in Sources */,
				C8C384E526BD0448009CF806 /* CEntity.m in Sources */,
				C8B755E9268B3FC000812A4C /* CObserver.m in Sources */,
				C817FE0A26C12B7C0080D697 /* CContactAppendix.m in Sources */,
				C81A94732700762B00FA13E9 /* CKernel+Delegate.m in Sources */,
				C859CF4426DF2647003040CC /* NSString+Cube.m in Sources */,
				C8B755D8268B384F00812A4C /* CModule.m in Sources */,
				C8400ACC26C2215400C8FF48 /* CContactPipelineListener.m in Sources */,
				C88461E426B55A4B00A8A3C6 /* CError.m in Sources */,
				C842BDDD26DE33E4008A8517 /* CInstantiateHook.m in Sources */,
				C817FE1A26C153320080D697 /* CContactZone.m in Sources */,
				C8400AB626C20DC100C8FF48 /* CGroup.m in Sources */,
				C842BDE926DE45DF008A8517 /* CTypeableMessage.m in Sources */,
			);
			runOnlyForDeploymentPostprocessing = 0;
		};
		C8F1A54A268985A70020F136 /* Sources */ = {
			isa = PBXSourcesBuildPhase;
			buildActionMask = 2147483647;
			files = (
				C8BE85AD26B77FD9007E154E /* KernelTest.m in Sources */,
				C8F1A554268985A70020F136 /* CubeTests.m in Sources */,
				C8B885F026DC67B000E678B2 /* MessagingTest.m in Sources */,
			);
			runOnlyForDeploymentPostprocessing = 0;
		};
/* End PBXSourcesBuildPhase section */

/* Begin PBXTargetDependency section */
		C8F1A551268985A70020F136 /* PBXTargetDependency */ = {
			isa = PBXTargetDependency;
			target = C8F1A544268985A70020F136 /* Cube */;
			targetProxy = C8F1A550268985A70020F136 /* PBXContainerItemProxy */;
		};
/* End PBXTargetDependency section */

/* Begin XCBuildConfiguration section */
		C8F1A557268985A70020F136 /* Debug */ = {
			isa = XCBuildConfiguration;
			buildSettings = {
				ALWAYS_SEARCH_USER_PATHS = NO;
				CLANG_ANALYZER_NONNULL = YES;
				CLANG_ANALYZER_NUMBER_OBJECT_CONVERSION = YES_AGGRESSIVE;
				CLANG_CXX_LANGUAGE_STANDARD = "gnu++14";
				CLANG_CXX_LIBRARY = "libc++";
				CLANG_ENABLE_MODULES = YES;
				CLANG_ENABLE_OBJC_ARC = YES;
				CLANG_ENABLE_OBJC_WEAK = YES;
				CLANG_WARN_BLOCK_CAPTURE_AUTORELEASING = YES;
				CLANG_WARN_BOOL_CONVERSION = YES;
				CLANG_WARN_COMMA = YES;
				CLANG_WARN_CONSTANT_CONVERSION = YES;
				CLANG_WARN_DEPRECATED_OBJC_IMPLEMENTATIONS = YES;
				CLANG_WARN_DIRECT_OBJC_ISA_USAGE = YES_ERROR;
				CLANG_WARN_DOCUMENTATION_COMMENTS = YES;
				CLANG_WARN_EMPTY_BODY = YES;
				CLANG_WARN_ENUM_CONVERSION = YES;
				CLANG_WARN_INFINITE_RECURSION = YES;
				CLANG_WARN_INT_CONVERSION = YES;
				CLANG_WARN_NON_LITERAL_NULL_CONVERSION = YES;
				CLANG_WARN_OBJC_IMPLICIT_RETAIN_SELF = YES;
				CLANG_WARN_OBJC_LITERAL_CONVERSION = YES;
				CLANG_WARN_OBJC_ROOT_CLASS = YES_ERROR;
				CLANG_WARN_QUOTED_INCLUDE_IN_FRAMEWORK_HEADER = YES;
				CLANG_WARN_RANGE_LOOP_ANALYSIS = YES;
				CLANG_WARN_STRICT_PROTOTYPES = YES;
				CLANG_WARN_SUSPICIOUS_MOVE = YES;
				CLANG_WARN_UNGUARDED_AVAILABILITY = YES_AGGRESSIVE;
				CLANG_WARN_UNREACHABLE_CODE = YES;
				CLANG_WARN__DUPLICATE_METHOD_MATCH = YES;
				COPY_PHASE_STRIP = NO;
				CURRENT_PROJECT_VERSION = 1;
				DEBUG_INFORMATION_FORMAT = dwarf;
				ENABLE_STRICT_OBJC_MSGSEND = YES;
				ENABLE_TESTABILITY = YES;
				GCC_C_LANGUAGE_STANDARD = gnu11;
				GCC_DYNAMIC_NO_PIC = NO;
				GCC_NO_COMMON_BLOCKS = YES;
				GCC_OPTIMIZATION_LEVEL = 0;
				GCC_PREPROCESSOR_DEFINITIONS = (
					"DEBUG=1",
					"$(inherited)",
				);
				GCC_WARN_64_TO_32_BIT_CONVERSION = YES;
				GCC_WARN_ABOUT_RETURN_TYPE = YES_ERROR;
				GCC_WARN_UNDECLARED_SELECTOR = YES;
				GCC_WARN_UNINITIALIZED_AUTOS = YES_AGGRESSIVE;
				GCC_WARN_UNUSED_FUNCTION = YES;
				GCC_WARN_UNUSED_VARIABLE = YES;
				IPHONEOS_DEPLOYMENT_TARGET = 13.0;
				MTL_ENABLE_DEBUG_INFO = INCLUDE_SOURCE;
				MTL_FAST_MATH = YES;
				ONLY_ACTIVE_ARCH = YES;
				SDKROOT = iphoneos;
				VERSIONING_SYSTEM = "apple-generic";
				VERSION_INFO_PREFIX = "";
			};
			name = Debug;
		};
		C8F1A558268985A70020F136 /* Release */ = {
			isa = XCBuildConfiguration;
			buildSettings = {
				ALWAYS_SEARCH_USER_PATHS = NO;
				CLANG_ANALYZER_NONNULL = YES;
				CLANG_ANALYZER_NUMBER_OBJECT_CONVERSION = YES_AGGRESSIVE;
				CLANG_CXX_LANGUAGE_STANDARD = "gnu++14";
				CLANG_CXX_LIBRARY = "libc++";
				CLANG_ENABLE_MODULES = YES;
				CLANG_ENABLE_OBJC_ARC = YES;
				CLANG_ENABLE_OBJC_WEAK = YES;
				CLANG_WARN_BLOCK_CAPTURE_AUTORELEASING = YES;
				CLANG_WARN_BOOL_CONVERSION = YES;
				CLANG_WARN_COMMA = YES;
				CLANG_WARN_CONSTANT_CONVERSION = YES;
				CLANG_WARN_DEPRECATED_OBJC_IMPLEMENTATIONS = YES;
				CLANG_WARN_DIRECT_OBJC_ISA_USAGE = YES_ERROR;
				CLANG_WARN_DOCUMENTATION_COMMENTS = YES;
				CLANG_WARN_EMPTY_BODY = YES;
				CLANG_WARN_ENUM_CONVERSION = YES;
				CLANG_WARN_INFINITE_RECURSION = YES;
				CLANG_WARN_INT_CONVERSION = YES;
				CLANG_WARN_NON_LITERAL_NULL_CONVERSION = YES;
				CLANG_WARN_OBJC_IMPLICIT_RETAIN_SELF = YES;
				CLANG_WARN_OBJC_LITERAL_CONVERSION = YES;
				CLANG_WARN_OBJC_ROOT_CLASS = YES_ERROR;
				CLANG_WARN_QUOTED_INCLUDE_IN_FRAMEWORK_HEADER = YES;
				CLANG_WARN_RANGE_LOOP_ANALYSIS = YES;
				CLANG_WARN_STRICT_PROTOTYPES = YES;
				CLANG_WARN_SUSPICIOUS_MOVE = YES;
				CLANG_WARN_UNGUARDED_AVAILABILITY = YES_AGGRESSIVE;
				CLANG_WARN_UNREACHABLE_CODE = YES;
				CLANG_WARN__DUPLICATE_METHOD_MATCH = YES;
				COPY_PHASE_STRIP = NO;
				CURRENT_PROJECT_VERSION = 1;
				DEBUG_INFORMATION_FORMAT = "dwarf-with-dsym";
				ENABLE_NS_ASSERTIONS = NO;
				ENABLE_STRICT_OBJC_MSGSEND = YES;
				GCC_C_LANGUAGE_STANDARD = gnu11;
				GCC_NO_COMMON_BLOCKS = YES;
				GCC_WARN_64_TO_32_BIT_CONVERSION = YES;
				GCC_WARN_ABOUT_RETURN_TYPE = YES_ERROR;
				GCC_WARN_UNDECLARED_SELECTOR = YES;
				GCC_WARN_UNINITIALIZED_AUTOS = YES_AGGRESSIVE;
				GCC_WARN_UNUSED_FUNCTION = YES;
				GCC_WARN_UNUSED_VARIABLE = YES;
				IPHONEOS_DEPLOYMENT_TARGET = 13.0;
				MTL_ENABLE_DEBUG_INFO = NO;
				MTL_FAST_MATH = YES;
				SDKROOT = iphoneos;
				VALIDATE_PRODUCT = YES;
				VERSIONING_SYSTEM = "apple-generic";
				VERSION_INFO_PREFIX = "";
			};
			name = Release;
		};
		C8F1A55A268985A70020F136 /* Debug */ = {
			isa = XCBuildConfiguration;
			buildSettings = {
				CODE_SIGN_STYLE = Automatic;
				DEFINES_MODULE = YES;
				DEVELOPMENT_TEAM = HU7B43T3L4;
				DYLIB_COMPATIBILITY_VERSION = 1;
				DYLIB_CURRENT_VERSION = 1;
				DYLIB_INSTALL_NAME_BASE = "@rpath";
				INFOPLIST_FILE = Cube/Info.plist;
				INSTALL_PATH = "$(LOCAL_LIBRARY_DIR)/Frameworks";
				LD_RUNPATH_SEARCH_PATHS = (
					"$(inherited)",
					"@executable_path/Frameworks",
					"@loader_path/Frameworks",
				);
				MARKETING_VERSION = 3.0;
				PRODUCT_BUNDLE_IDENTIFIER = com.shixincube.cube;
				PRODUCT_NAME = "$(TARGET_NAME:c99extidentifier)";
				SKIP_INSTALL = YES;
				SUPPORTS_MACCATALYST = YES;
				TARGETED_DEVICE_FAMILY = "1,2";
			};
			name = Debug;
		};
		C8F1A55B268985A70020F136 /* Release */ = {
			isa = XCBuildConfiguration;
			buildSettings = {
				CODE_SIGN_STYLE = Automatic;
				DEFINES_MODULE = YES;
				DEVELOPMENT_TEAM = HU7B43T3L4;
				DYLIB_COMPATIBILITY_VERSION = 1;
				DYLIB_CURRENT_VERSION = 1;
				DYLIB_INSTALL_NAME_BASE = "@rpath";
				INFOPLIST_FILE = Cube/Info.plist;
				INSTALL_PATH = "$(LOCAL_LIBRARY_DIR)/Frameworks";
				LD_RUNPATH_SEARCH_PATHS = (
					"$(inherited)",
					"@executable_path/Frameworks",
					"@loader_path/Frameworks",
				);
				MARKETING_VERSION = 3.0;
				PRODUCT_BUNDLE_IDENTIFIER = com.shixincube.cube;
				PRODUCT_NAME = "$(TARGET_NAME:c99extidentifier)";
				SKIP_INSTALL = YES;
				SUPPORTS_MACCATALYST = YES;
				TARGETED_DEVICE_FAMILY = "1,2";
			};
			name = Release;
		};
		C8F1A55D268985A70020F136 /* Debug */ = {
			isa = XCBuildConfiguration;
			buildSettings = {
				CODE_SIGN_STYLE = Automatic;
				DEVELOPMENT_TEAM = HU7B43T3L4;
				INFOPLIST_FILE = CubeTests/Info.plist;
				LD_RUNPATH_SEARCH_PATHS = (
					"$(inherited)",
					"@executable_path/Frameworks",
					"@loader_path/Frameworks",
				);
				PRODUCT_BUNDLE_IDENTIFIER = cell.CubeTests;
				PRODUCT_NAME = "$(TARGET_NAME)";
				TARGETED_DEVICE_FAMILY = "1,2";
			};
			name = Debug;
		};
		C8F1A55E268985A70020F136 /* Release */ = {
			isa = XCBuildConfiguration;
			buildSettings = {
				CODE_SIGN_STYLE = Automatic;
				DEVELOPMENT_TEAM = HU7B43T3L4;
				INFOPLIST_FILE = CubeTests/Info.plist;
				LD_RUNPATH_SEARCH_PATHS = (
					"$(inherited)",
					"@executable_path/Frameworks",
					"@loader_path/Frameworks",
				);
				PRODUCT_BUNDLE_IDENTIFIER = cell.CubeTests;
				PRODUCT_NAME = "$(TARGET_NAME)";
				TARGETED_DEVICE_FAMILY = "1,2";
			};
			name = Release;
		};
/* End XCBuildConfiguration section */

/* Begin XCConfigurationList section */
		C8F1A53F268985A70020F136 /* Build configuration list for PBXProject "Cube" */ = {
			isa = XCConfigurationList;
			buildConfigurations = (
				C8F1A557268985A70020F136 /* Debug */,
				C8F1A558268985A70020F136 /* Release */,
			);
			defaultConfigurationIsVisible = 0;
			defaultConfigurationName = Release;
		};
		C8F1A559268985A70020F136 /* Build configuration list for PBXNativeTarget "Cube" */ = {
			isa = XCConfigurationList;
			buildConfigurations = (
				C8F1A55A268985A70020F136 /* Debug */,
				C8F1A55B268985A70020F136 /* Release */,
			);
			defaultConfigurationIsVisible = 0;
			defaultConfigurationName = Release;
		};
		C8F1A55C268985A70020F136 /* Build configuration list for PBXNativeTarget "CubeTests" */ = {
			isa = XCConfigurationList;
			buildConfigurations = (
				C8F1A55D268985A70020F136 /* Debug */,
				C8F1A55E268985A70020F136 /* Release */,
			);
			defaultConfigurationIsVisible = 0;
			defaultConfigurationName = Release;
		};
/* End XCConfigurationList section */
	};
	rootObject = C8F1A53C268985A70020F136 /* Project object */;
}
