// !$*UTF8*$!
{
	archiveVersion = 1;
	classes = {
	};
	objectVersion = 50;
	objects = {

/* Begin PBXBuildFile section */
		82085B4C2509D4E700A9BFF0 /* CThreadSafeArray.h in Headers */ = {isa = PBXBuildFile; fileRef = 82085B4A2509D4E700A9BFF0 /* CThreadSafeArray.h */; };
		82085B4D2509D4E700A9BFF0 /* CThreadSafeArray.m in Sources */ = {isa = PBXBuildFile; fileRef = 82085B4B2509D4E700A9BFF0 /* CThreadSafeArray.m */; };
		82085B502509D5AF00A9BFF0 /* CThreadSafeDictionary.h in Headers */ = {isa = PBXBuildFile; fileRef = 82085B4E2509D5AF00A9BFF0 /* CThreadSafeDictionary.h */; };
		82085B512509D5AF00A9BFF0 /* CThreadSafeDictionary.m in Sources */ = {isa = PBXBuildFile; fileRef = 82085B4F2509D5AF00A9BFF0 /* CThreadSafeDictionary.m */; };
		820C78FD24FF6C0E0021E494 /* CCellPipeline.h in Headers */ = {isa = PBXBuildFile; fileRef = 820C78FB24FF6C0E0021E494 /* CCellPipeline.h */; settings = {ATTRIBUTES = (Public, ); }; };
		820C78FE24FF6C0E0021E494 /* CCellPipeline.m in Sources */ = {isa = PBXBuildFile; fileRef = 820C78FC24FF6C0E0021E494 /* CCellPipeline.m */; };
		820C790824FFA6210021E494 /* cell.framework in Frameworks */ = {isa = PBXBuildFile; fileRef = 820C790624FFA34F0021E494 /* cell.framework */; };
		820E2B0025393C09007FFC3F /* CServiceSuiteTests.m in Sources */ = {isa = PBXBuildFile; fileRef = 820E2AFF25393C09007FFC3F /* CServiceSuiteTests.m */; };
		820E2B0225393C0A007FFC3F /* CServiceSuite.framework in Frameworks */ = {isa = PBXBuildFile; fileRef = 8244B00524F763D700958B71 /* CServiceSuite.framework */; };
		820E2B0925393C89007FFC3F /* CKernelTests.m in Sources */ = {isa = PBXBuildFile; fileRef = 820E2B0825393C89007FFC3F /* CKernelTests.m */; };
		820E2B0B25393CB5007FFC3F /* CPipelineTests.m in Sources */ = {isa = PBXBuildFile; fileRef = 820E2B0A25393CB5007FFC3F /* CPipelineTests.m */; };
		820E2B0F25393EBC007FFC3F /* CAuthTests.m in Sources */ = {isa = PBXBuildFile; fileRef = 820E2B0E25393EBC007FFC3F /* CAuthTests.m */; };
		820E2B1325393EF8007FFC3F /* CContactTests.m in Sources */ = {isa = PBXBuildFile; fileRef = 820E2B1225393EF8007FFC3F /* CContactTests.m */; };
		820E2B1525393F03007FFC3F /* CMessageTests.m in Sources */ = {isa = PBXBuildFile; fileRef = 820E2B1425393F03007FFC3F /* CMessageTests.m */; };
		820E2B1725394282007FFC3F /* cell.framework in Frameworks */ = {isa = PBXBuildFile; fileRef = 820C790624FFA34F0021E494 /* cell.framework */; };
		820E2B1B253944A1007FFC3F /* cell.framework in CopyFiles */ = {isa = PBXBuildFile; fileRef = 820C790624FFA34F0021E494 /* cell.framework */; settings = {ATTRIBUTES = (CodeSignOnCopy, RemoveHeadersOnCopy, ); }; };
		820F7696253155B0008E1164 /* CPrimaryDescription.h in Headers */ = {isa = PBXBuildFile; fileRef = 820F7694253155B0008E1164 /* CPrimaryDescription.h */; settings = {ATTRIBUTES = (Public, ); }; };
		820F7697253155B0008E1164 /* CPrimaryDescription.m in Sources */ = {isa = PBXBuildFile; fileRef = 820F7695253155B0008E1164 /* CPrimaryDescription.m */; };
		820FEE5225305D6300AD1519 /* CAuthService.m in Sources */ = {isa = PBXBuildFile; fileRef = 820FEE5025305D6300AD1519 /* CAuthService.m */; };
		820FEE5325305D6300AD1519 /* CAuthService.h in Headers */ = {isa = PBXBuildFile; fileRef = 820FEE5125305D6300AD1519 /* CAuthService.h */; settings = {ATTRIBUTES = (Public, ); }; };
		820FEE5725305D6900AD1519 /* CMessageService.h in Headers */ = {isa = PBXBuildFile; fileRef = 820FEE5525305D6900AD1519 /* CMessageService.h */; settings = {ATTRIBUTES = (Public, ); }; };
		820FEE5825305D6900AD1519 /* CMessageService.m in Sources */ = {isa = PBXBuildFile; fileRef = 820FEE5625305D6900AD1519 /* CMessageService.m */; };
		820FEE5C25306C8F00AD1519 /* CAuthToken.h in Headers */ = {isa = PBXBuildFile; fileRef = 820FEE5A25306C8F00AD1519 /* CAuthToken.h */; settings = {ATTRIBUTES = (Public, ); }; };
		820FEE5D25306C8F00AD1519 /* CAuthToken.m in Sources */ = {isa = PBXBuildFile; fileRef = 820FEE5B25306C8F00AD1519 /* CAuthToken.m */; };
		8215FFCB2552941400283FDA /* PromiseKit.framework in Frameworks */ = {isa = PBXBuildFile; fileRef = 8215FFCA2552941400283FDA /* PromiseKit.framework */; };
		8215FFCE2552A0F200283FDA /* PrefixHeader.pch in Headers */ = {isa = PBXBuildFile; fileRef = 8215FFCD2552A0F200283FDA /* PrefixHeader.pch */; };
		8216FEEF2508C34A00028D32 /* CSubject.h in Headers */ = {isa = PBXBuildFile; fileRef = 8216FEED2508C34A00028D32 /* CSubject.h */; settings = {ATTRIBUTES = (Public, ); }; };
		8216FEF02508C34A00028D32 /* CSubject.m in Sources */ = {isa = PBXBuildFile; fileRef = 8216FEEE2508C34A00028D32 /* CSubject.m */; };
		8216FEF92508D3D000028D32 /* CSafeWeakRefArray.h in Headers */ = {isa = PBXBuildFile; fileRef = 8216FEF72508D3D000028D32 /* CSafeWeakRefArray.h */; };
		8216FEFA2508D3D000028D32 /* CSafeWeakRefArray.m in Sources */ = {isa = PBXBuildFile; fileRef = 8216FEF82508D3D000028D32 /* CSafeWeakRefArray.m */; };
		8216FEFD2508DC6500028D32 /* CSafeWeakRefDictionary.h in Headers */ = {isa = PBXBuildFile; fileRef = 8216FEFB2508DC6500028D32 /* CSafeWeakRefDictionary.h */; };
		8216FEFE2508DC6500028D32 /* CSafeWeakRefDictionary.m in Sources */ = {isa = PBXBuildFile; fileRef = 8216FEFC2508DC6500028D32 /* CSafeWeakRefDictionary.m */; };
		8244B00A24F763D700958B71 /* CServiceSuite.h in Headers */ = {isa = PBXBuildFile; fileRef = 8244B00824F763D700958B71 /* CServiceSuite.h */; settings = {ATTRIBUTES = (Public, ); }; };
		8245BAA224FE2B53003631A2 /* CKernel.h in Headers */ = {isa = PBXBuildFile; fileRef = 8245BAA024FE2B53003631A2 /* CKernel.h */; settings = {ATTRIBUTES = (Public, ); }; };
		8245BAA324FE2B53003631A2 /* CKernel.m in Sources */ = {isa = PBXBuildFile; fileRef = 8245BAA124FE2B53003631A2 /* CKernel.m */; };
		8245BAA624FE2EB8003631A2 /* CPipeline.h in Headers */ = {isa = PBXBuildFile; fileRef = 8245BAA424FE2EB8003631A2 /* CPipeline.h */; settings = {ATTRIBUTES = (Public, ); }; };
		8245BAA724FE2EB8003631A2 /* CPipeline.m in Sources */ = {isa = PBXBuildFile; fileRef = 8245BAA524FE2EB8003631A2 /* CPipeline.m */; };
		8245BAAA24FE2ECD003631A2 /* CModule.h in Headers */ = {isa = PBXBuildFile; fileRef = 8245BAA824FE2ECD003631A2 /* CModule.h */; settings = {ATTRIBUTES = (Public, ); }; };
		8245BAAB24FE2ECD003631A2 /* CModule.m in Sources */ = {isa = PBXBuildFile; fileRef = 8245BAA924FE2ECD003631A2 /* CModule.m */; };
		8245BAAE24FE2F2E003631A2 /* CCore.h in Headers */ = {isa = PBXBuildFile; fileRef = 8245BAAC24FE2F2E003631A2 /* CCore.h */; settings = {ATTRIBUTES = (Public, ); }; };
		8245BAB224FE39F8003631A2 /* CPluginSystem.h in Headers */ = {isa = PBXBuildFile; fileRef = 8245BAB024FE39F8003631A2 /* CPluginSystem.h */; settings = {ATTRIBUTES = (Public, ); }; };
		8245BAB324FE39F8003631A2 /* CPluginSystem.m in Sources */ = {isa = PBXBuildFile; fileRef = 8245BAB124FE39F8003631A2 /* CPluginSystem.m */; };
		8245BAB624FE3A03003631A2 /* CPlugin.h in Headers */ = {isa = PBXBuildFile; fileRef = 8245BAB424FE3A03003631A2 /* CPlugin.h */; settings = {ATTRIBUTES = (Public, ); }; };
		8245BAB724FE3A03003631A2 /* CPlugin.m in Sources */ = {isa = PBXBuildFile; fileRef = 8245BAB524FE3A03003631A2 /* CPlugin.m */; };
		8245BABB24FE3A36003631A2 /* CEngine.h in Headers */ = {isa = PBXBuildFile; fileRef = 8245BAB924FE3A36003631A2 /* CEngine.h */; settings = {ATTRIBUTES = (Public, ); }; };
		8245BABC24FE3A36003631A2 /* CEngine.m in Sources */ = {isa = PBXBuildFile; fileRef = 8245BABA24FE3A36003631A2 /* CEngine.m */; };
		8245BAC024FE4632003631A2 /* CPacket.h in Headers */ = {isa = PBXBuildFile; fileRef = 8245BABE24FE4632003631A2 /* CPacket.h */; settings = {ATTRIBUTES = (Public, ); }; };
		8245BAC124FE4632003631A2 /* CPacket.m in Sources */ = {isa = PBXBuildFile; fileRef = 8245BABF24FE4632003631A2 /* CPacket.m */; };
		824D0FDD2533F17A00D75261 /* CContactService.h in Headers */ = {isa = PBXBuildFile; fileRef = 824D0FDB2533F17A00D75261 /* CContactService.h */; settings = {ATTRIBUTES = (Public, ); }; };
		824D0FDE2533F17A00D75261 /* CContactService.m in Sources */ = {isa = PBXBuildFile; fileRef = 824D0FDC2533F17A00D75261 /* CContactService.m */; };
		824D0FE12533F97200D75261 /* CEntity.h in Headers */ = {isa = PBXBuildFile; fileRef = 824D0FDF2533F97200D75261 /* CEntity.h */; settings = {ATTRIBUTES = (Public, ); }; };
		824D0FE22533F97200D75261 /* CEntity.m in Sources */ = {isa = PBXBuildFile; fileRef = 824D0FE02533F97200D75261 /* CEntity.m */; };
		824D0FE52534012900D75261 /* CContact.h in Headers */ = {isa = PBXBuildFile; fileRef = 824D0FE32534012900D75261 /* CContact.h */; settings = {ATTRIBUTES = (Public, ); }; };
		824D0FE62534012900D75261 /* CContact.m in Sources */ = {isa = PBXBuildFile; fileRef = 824D0FE42534012900D75261 /* CContact.m */; };
		824D0FE9253401FC00D75261 /* CDevice.h in Headers */ = {isa = PBXBuildFile; fileRef = 824D0FE7253401FC00D75261 /* CDevice.h */; settings = {ATTRIBUTES = (Public, ); }; };
		824D0FEA253401FC00D75261 /* CDevice.m in Sources */ = {isa = PBXBuildFile; fileRef = 824D0FE8253401FC00D75261 /* CDevice.m */; };
		824D0FEE2534315100D75261 /* CJsonable.h in Headers */ = {isa = PBXBuildFile; fileRef = 824D0FEC2534315100D75261 /* CJsonable.h */; settings = {ATTRIBUTES = (Public, ); }; };
		824D0FF225343BC200D75261 /* CJsonableUtil.h in Headers */ = {isa = PBXBuildFile; fileRef = 824D0FF025343BC200D75261 /* CJsonableUtil.h */; settings = {ATTRIBUTES = (Public, ); }; };
		824D0FF325343BC200D75261 /* CJsonableUtil.m in Sources */ = {isa = PBXBuildFile; fileRef = 824D0FF125343BC200D75261 /* CJsonableUtil.m */; };
		82A0B42A254FB34200F884BE /* CMessagePipelineListener.h in Headers */ = {isa = PBXBuildFile; fileRef = 82A0B428254FB34200F884BE /* CMessagePipelineListener.h */; };
		82A0B42B254FB34200F884BE /* CMessagePipelineListener.m in Sources */ = {isa = PBXBuildFile; fileRef = 82A0B429254FB34200F884BE /* CMessagePipelineListener.m */; };
		82AD3FB4253844770072B40A /* CMessage.h in Headers */ = {isa = PBXBuildFile; fileRef = 82AD3FB2253844770072B40A /* CMessage.h */; settings = {ATTRIBUTES = (Public, ); }; };
		82AD3FB5253844770072B40A /* CMessage.m in Sources */ = {isa = PBXBuildFile; fileRef = 82AD3FB3253844770072B40A /* CMessage.m */; };
		9B16A8F025749FA800C3DCC0 /* CFileService.h in Headers */ = {isa = PBXBuildFile; fileRef = 9B16A8EE25749FA800C3DCC0 /* CFileService.h */; };
		9B16A8F125749FA800C3DCC0 /* CFileService.m in Sources */ = {isa = PBXBuildFile; fileRef = 9B16A8EF25749FA800C3DCC0 /* CFileService.m */; };
		9B16A8F425749FBA00C3DCC0 /* CEmailService.h in Headers */ = {isa = PBXBuildFile; fileRef = 9B16A8F225749FBA00C3DCC0 /* CEmailService.h */; };
		9B16A8F525749FBA00C3DCC0 /* CEmailService.m in Sources */ = {isa = PBXBuildFile; fileRef = 9B16A8F325749FBA00C3DCC0 /* CEmailService.m */; };
		9B16A8F82574C38F00C3DCC0 /* CFile.h in Headers */ = {isa = PBXBuildFile; fileRef = 9B16A8F62574C38F00C3DCC0 /* CFile.h */; };
		9B16A8F92574C38F00C3DCC0 /* CFile.m in Sources */ = {isa = PBXBuildFile; fileRef = 9B16A8F72574C38F00C3DCC0 /* CFile.m */; };
		9B16A8FC2574C4D900C3DCC0 /* CFileManager.h in Headers */ = {isa = PBXBuildFile; fileRef = 9B16A8FA2574C4D900C3DCC0 /* CFileManager.h */; };
		9B16A8FD2574C4D900C3DCC0 /* CFileManager.m in Sources */ = {isa = PBXBuildFile; fileRef = 9B16A8FB2574C4D900C3DCC0 /* CFileManager.m */; };
		9B5FE7022581B4CD00C7E17D /* CConferenceService.h in Headers */ = {isa = PBXBuildFile; fileRef = 9B5FE7002581B4CD00C7E17D /* CConferenceService.h */; };
		9B5FE7032581B4CD00C7E17D /* CConferenceService.m in Sources */ = {isa = PBXBuildFile; fileRef = 9B5FE7012581B4CD00C7E17D /* CConferenceService.m */; };
		9B5FE7062581B79600C7E17D /* CConference.h in Headers */ = {isa = PBXBuildFile; fileRef = 9B5FE7042581B79600C7E17D /* CConference.h */; };
		9B5FE7072581B79600C7E17D /* CConference.m in Sources */ = {isa = PBXBuildFile; fileRef = 9B5FE7052581B79600C7E17D /* CConference.m */; };
		9B690282258C4B5E00EA235A /* CGroup.h in Headers */ = {isa = PBXBuildFile; fileRef = 9B690280258C4B5E00EA235A /* CGroup.h */; };
		9B690283258C4B5E00EA235A /* CGroup.m in Sources */ = {isa = PBXBuildFile; fileRef = 9B690281258C4B5E00EA235A /* CGroup.m */; };
		9B690287258C92FE00EA235A /* CContactPipelineListener.h in Headers */ = {isa = PBXBuildFile; fileRef = 9B690285258C92FE00EA235A /* CContactPipelineListener.h */; };
		9B690288258C92FE00EA235A /* CContactPipelineListener.m in Sources */ = {isa = PBXBuildFile; fileRef = 9B690286258C92FE00EA235A /* CContactPipelineListener.m */; };
/* End PBXBuildFile section */

/* Begin PBXContainerItemProxy section */
		820E2B0325393C0A007FFC3F /* PBXContainerItemProxy */ = {
			isa = PBXContainerItemProxy;
			containerPortal = 8244AFFC24F763D700958B71 /* Project object */;
			proxyType = 1;
			remoteGlobalIDString = 8244B00424F763D700958B71;
			remoteInfo = CServiceSuite;
		};
/* End PBXContainerItemProxy section */

/* Begin PBXCopyFilesBuildPhase section */
		820E2B1A25394490007FFC3F /* CopyFiles */ = {
			isa = PBXCopyFilesBuildPhase;
			buildActionMask = 2147483647;
			dstPath = "";
			dstSubfolderSpec = 10;
			files = (
				820E2B1B253944A1007FFC3F /* cell.framework in CopyFiles */,
			);
			runOnlyForDeploymentPostprocessing = 0;
		};
/* End PBXCopyFilesBuildPhase section */

/* Begin PBXFileReference section */
		82085B4A2509D4E700A9BFF0 /* CThreadSafeArray.h */ = {isa = PBXFileReference; lastKnownFileType = sourcecode.c.h; path = CThreadSafeArray.h; sourceTree = "<group>"; };
		82085B4B2509D4E700A9BFF0 /* CThreadSafeArray.m */ = {isa = PBXFileReference; lastKnownFileType = sourcecode.c.objc; path = CThreadSafeArray.m; sourceTree = "<group>"; };
		82085B4E2509D5AF00A9BFF0 /* CThreadSafeDictionary.h */ = {isa = PBXFileReference; lastKnownFileType = sourcecode.c.h; path = CThreadSafeDictionary.h; sourceTree = "<group>"; };
		82085B4F2509D5AF00A9BFF0 /* CThreadSafeDictionary.m */ = {isa = PBXFileReference; lastKnownFileType = sourcecode.c.objc; path = CThreadSafeDictionary.m; sourceTree = "<group>"; };
		820C78FB24FF6C0E0021E494 /* CCellPipeline.h */ = {isa = PBXFileReference; lastKnownFileType = sourcecode.c.h; path = CCellPipeline.h; sourceTree = "<group>"; };
		820C78FC24FF6C0E0021E494 /* CCellPipeline.m */ = {isa = PBXFileReference; lastKnownFileType = sourcecode.c.objc; path = CCellPipeline.m; sourceTree = "<group>"; };
		820C790624FFA34F0021E494 /* cell.framework */ = {isa = PBXFileReference; lastKnownFileType = wrapper.framework; path = cell.framework; sourceTree = "<group>"; };
		820E2AFD25393C09007FFC3F /* CServiceSuiteTests.xctest */ = {isa = PBXFileReference; explicitFileType = wrapper.cfbundle; includeInIndex = 0; path = CServiceSuiteTests.xctest; sourceTree = BUILT_PRODUCTS_DIR; };
		820E2AFF25393C09007FFC3F /* CServiceSuiteTests.m */ = {isa = PBXFileReference; lastKnownFileType = sourcecode.c.objc; path = CServiceSuiteTests.m; sourceTree = "<group>"; };
		820E2B0125393C0A007FFC3F /* Info.plist */ = {isa = PBXFileReference; lastKnownFileType = text.plist.xml; path = Info.plist; sourceTree = "<group>"; };
		820E2B0825393C89007FFC3F /* CKernelTests.m */ = {isa = PBXFileReference; lastKnownFileType = sourcecode.c.objc; path = CKernelTests.m; sourceTree = "<group>"; };
		820E2B0A25393CB5007FFC3F /* CPipelineTests.m */ = {isa = PBXFileReference; lastKnownFileType = sourcecode.c.objc; path = CPipelineTests.m; sourceTree = "<group>"; };
		820E2B0E25393EBC007FFC3F /* CAuthTests.m */ = {isa = PBXFileReference; lastKnownFileType = sourcecode.c.objc; path = CAuthTests.m; sourceTree = "<group>"; };
		820E2B1225393EF8007FFC3F /* CContactTests.m */ = {isa = PBXFileReference; lastKnownFileType = sourcecode.c.objc; path = CContactTests.m; sourceTree = "<group>"; };
		820E2B1425393F03007FFC3F /* CMessageTests.m */ = {isa = PBXFileReference; lastKnownFileType = sourcecode.c.objc; path = CMessageTests.m; sourceTree = "<group>"; };
		820F7694253155B0008E1164 /* CPrimaryDescription.h */ = {isa = PBXFileReference; lastKnownFileType = sourcecode.c.h; path = CPrimaryDescription.h; sourceTree = "<group>"; };
		820F7695253155B0008E1164 /* CPrimaryDescription.m */ = {isa = PBXFileReference; lastKnownFileType = sourcecode.c.objc; path = CPrimaryDescription.m; sourceTree = "<group>"; };
		820FEE5025305D6300AD1519 /* CAuthService.m */ = {isa = PBXFileReference; fileEncoding = 4; lastKnownFileType = sourcecode.c.objc; path = CAuthService.m; sourceTree = "<group>"; };
		820FEE5125305D6300AD1519 /* CAuthService.h */ = {isa = PBXFileReference; fileEncoding = 4; lastKnownFileType = sourcecode.c.h; path = CAuthService.h; sourceTree = "<group>"; };
		820FEE5525305D6900AD1519 /* CMessageService.h */ = {isa = PBXFileReference; fileEncoding = 4; lastKnownFileType = sourcecode.c.h; path = CMessageService.h; sourceTree = "<group>"; };
		820FEE5625305D6900AD1519 /* CMessageService.m */ = {isa = PBXFileReference; fileEncoding = 4; lastKnownFileType = sourcecode.c.objc; path = CMessageService.m; sourceTree = "<group>"; };
		820FEE5A25306C8F00AD1519 /* CAuthToken.h */ = {isa = PBXFileReference; lastKnownFileType = sourcecode.c.h; path = CAuthToken.h; sourceTree = "<group>"; };
		820FEE5B25306C8F00AD1519 /* CAuthToken.m */ = {isa = PBXFileReference; lastKnownFileType = sourcecode.c.objc; path = CAuthToken.m; sourceTree = "<group>"; };
		8215FFCA2552941400283FDA /* PromiseKit.framework */ = {isa = PBXFileReference; lastKnownFileType = wrapper.framework; path = PromiseKit.framework; sourceTree = "<group>"; };
		8215FFCD2552A0F200283FDA /* PrefixHeader.pch */ = {isa = PBXFileReference; lastKnownFileType = sourcecode.c.h; path = PrefixHeader.pch; sourceTree = "<group>"; };
		8216FEED2508C34A00028D32 /* CSubject.h */ = {isa = PBXFileReference; lastKnownFileType = sourcecode.c.h; path = CSubject.h; sourceTree = "<group>"; };
		8216FEEE2508C34A00028D32 /* CSubject.m */ = {isa = PBXFileReference; lastKnownFileType = sourcecode.c.objc; path = CSubject.m; sourceTree = "<group>"; };
		8216FEF72508D3D000028D32 /* CSafeWeakRefArray.h */ = {isa = PBXFileReference; lastKnownFileType = sourcecode.c.h; path = CSafeWeakRefArray.h; sourceTree = "<group>"; };
		8216FEF82508D3D000028D32 /* CSafeWeakRefArray.m */ = {isa = PBXFileReference; lastKnownFileType = sourcecode.c.objc; path = CSafeWeakRefArray.m; sourceTree = "<group>"; };
		8216FEFB2508DC6500028D32 /* CSafeWeakRefDictionary.h */ = {isa = PBXFileReference; lastKnownFileType = sourcecode.c.h; path = CSafeWeakRefDictionary.h; sourceTree = "<group>"; };
		8216FEFC2508DC6500028D32 /* CSafeWeakRefDictionary.m */ = {isa = PBXFileReference; lastKnownFileType = sourcecode.c.objc; path = CSafeWeakRefDictionary.m; sourceTree = "<group>"; };
		8244B00524F763D700958B71 /* CServiceSuite.framework */ = {isa = PBXFileReference; explicitFileType = wrapper.framework; includeInIndex = 0; path = CServiceSuite.framework; sourceTree = BUILT_PRODUCTS_DIR; };
		8244B00824F763D700958B71 /* CServiceSuite.h */ = {isa = PBXFileReference; lastKnownFileType = sourcecode.c.h; path = CServiceSuite.h; sourceTree = "<group>"; };
		8244B00924F763D700958B71 /* Info.plist */ = {isa = PBXFileReference; lastKnownFileType = text.plist.xml; path = Info.plist; sourceTree = "<group>"; };
		8245BAA024FE2B53003631A2 /* CKernel.h */ = {isa = PBXFileReference; lastKnownFileType = sourcecode.c.h; path = CKernel.h; sourceTree = "<group>"; };
		8245BAA124FE2B53003631A2 /* CKernel.m */ = {isa = PBXFileReference; lastKnownFileType = sourcecode.c.objc; path = CKernel.m; sourceTree = "<group>"; };
		8245BAA424FE2EB8003631A2 /* CPipeline.h */ = {isa = PBXFileReference; lastKnownFileType = sourcecode.c.h; path = CPipeline.h; sourceTree = "<group>"; };
		8245BAA524FE2EB8003631A2 /* CPipeline.m */ = {isa = PBXFileReference; lastKnownFileType = sourcecode.c.objc; path = CPipeline.m; sourceTree = "<group>"; };
		8245BAA824FE2ECD003631A2 /* CModule.h */ = {isa = PBXFileReference; lastKnownFileType = sourcecode.c.h; path = CModule.h; sourceTree = "<group>"; };
		8245BAA924FE2ECD003631A2 /* CModule.m */ = {isa = PBXFileReference; lastKnownFileType = sourcecode.c.objc; path = CModule.m; sourceTree = "<group>"; };
		8245BAAC24FE2F2E003631A2 /* CCore.h */ = {isa = PBXFileReference; lastKnownFileType = sourcecode.c.h; path = CCore.h; sourceTree = "<group>"; };
		8245BAB024FE39F8003631A2 /* CPluginSystem.h */ = {isa = PBXFileReference; lastKnownFileType = sourcecode.c.h; path = CPluginSystem.h; sourceTree = "<group>"; };
		8245BAB124FE39F8003631A2 /* CPluginSystem.m */ = {isa = PBXFileReference; lastKnownFileType = sourcecode.c.objc; path = CPluginSystem.m; sourceTree = "<group>"; };
		8245BAB424FE3A03003631A2 /* CPlugin.h */ = {isa = PBXFileReference; lastKnownFileType = sourcecode.c.h; path = CPlugin.h; sourceTree = "<group>"; };
		8245BAB524FE3A03003631A2 /* CPlugin.m */ = {isa = PBXFileReference; lastKnownFileType = sourcecode.c.objc; path = CPlugin.m; sourceTree = "<group>"; };
		8245BAB924FE3A36003631A2 /* CEngine.h */ = {isa = PBXFileReference; lastKnownFileType = sourcecode.c.h; path = CEngine.h; sourceTree = "<group>"; };
		8245BABA24FE3A36003631A2 /* CEngine.m */ = {isa = PBXFileReference; lastKnownFileType = sourcecode.c.objc; path = CEngine.m; sourceTree = "<group>"; };
		8245BABE24FE4632003631A2 /* CPacket.h */ = {isa = PBXFileReference; lastKnownFileType = sourcecode.c.h; path = CPacket.h; sourceTree = "<group>"; };
		8245BABF24FE4632003631A2 /* CPacket.m */ = {isa = PBXFileReference; lastKnownFileType = sourcecode.c.objc; path = CPacket.m; sourceTree = "<group>"; };
		824D0FDB2533F17A00D75261 /* CContactService.h */ = {isa = PBXFileReference; lastKnownFileType = sourcecode.c.h; path = CContactService.h; sourceTree = "<group>"; };
		824D0FDC2533F17A00D75261 /* CContactService.m */ = {isa = PBXFileReference; lastKnownFileType = sourcecode.c.objc; path = CContactService.m; sourceTree = "<group>"; };
		824D0FDF2533F97200D75261 /* CEntity.h */ = {isa = PBXFileReference; lastKnownFileType = sourcecode.c.h; path = CEntity.h; sourceTree = "<group>"; };
		824D0FE02533F97200D75261 /* CEntity.m */ = {isa = PBXFileReference; lastKnownFileType = sourcecode.c.objc; path = CEntity.m; sourceTree = "<group>"; };
		824D0FE32534012900D75261 /* CContact.h */ = {isa = PBXFileReference; lastKnownFileType = sourcecode.c.h; path = CContact.h; sourceTree = "<group>"; };
		824D0FE42534012900D75261 /* CContact.m */ = {isa = PBXFileReference; lastKnownFileType = sourcecode.c.objc; path = CContact.m; sourceTree = "<group>"; };
		824D0FE7253401FC00D75261 /* CDevice.h */ = {isa = PBXFileReference; lastKnownFileType = sourcecode.c.h; path = CDevice.h; sourceTree = "<group>"; };
		824D0FE8253401FC00D75261 /* CDevice.m */ = {isa = PBXFileReference; lastKnownFileType = sourcecode.c.objc; path = CDevice.m; sourceTree = "<group>"; };
		824D0FEC2534315100D75261 /* CJsonable.h */ = {isa = PBXFileReference; lastKnownFileType = sourcecode.c.h; path = CJsonable.h; sourceTree = "<group>"; };
		824D0FF025343BC200D75261 /* CJsonableUtil.h */ = {isa = PBXFileReference; lastKnownFileType = sourcecode.c.h; path = CJsonableUtil.h; sourceTree = "<group>"; };
		824D0FF125343BC200D75261 /* CJsonableUtil.m */ = {isa = PBXFileReference; lastKnownFileType = sourcecode.c.objc; path = CJsonableUtil.m; sourceTree = "<group>"; };
		82A0B428254FB34200F884BE /* CMessagePipelineListener.h */ = {isa = PBXFileReference; lastKnownFileType = sourcecode.c.h; path = CMessagePipelineListener.h; sourceTree = "<group>"; };
		82A0B429254FB34200F884BE /* CMessagePipelineListener.m */ = {isa = PBXFileReference; lastKnownFileType = sourcecode.c.objc; path = CMessagePipelineListener.m; sourceTree = "<group>"; };
		82AD3FB2253844770072B40A /* CMessage.h */ = {isa = PBXFileReference; lastKnownFileType = sourcecode.c.h; path = CMessage.h; sourceTree = "<group>"; };
		82AD3FB3253844770072B40A /* CMessage.m */ = {isa = PBXFileReference; lastKnownFileType = sourcecode.c.objc; path = CMessage.m; sourceTree = "<group>"; };
		9B16A8EE25749FA800C3DCC0 /* CFileService.h */ = {isa = PBXFileReference; lastKnownFileType = sourcecode.c.h; path = CFileService.h; sourceTree = "<group>"; };
		9B16A8EF25749FA800C3DCC0 /* CFileService.m */ = {isa = PBXFileReference; lastKnownFileType = sourcecode.c.objc; path = CFileService.m; sourceTree = "<group>"; };
		9B16A8F225749FBA00C3DCC0 /* CEmailService.h */ = {isa = PBXFileReference; lastKnownFileType = sourcecode.c.h; path = CEmailService.h; sourceTree = "<group>"; };
		9B16A8F325749FBA00C3DCC0 /* CEmailService.m */ = {isa = PBXFileReference; lastKnownFileType = sourcecode.c.objc; path = CEmailService.m; sourceTree = "<group>"; };
		9B16A8F62574C38F00C3DCC0 /* CFile.h */ = {isa = PBXFileReference; lastKnownFileType = sourcecode.c.h; path = CFile.h; sourceTree = "<group>"; };
		9B16A8F72574C38F00C3DCC0 /* CFile.m */ = {isa = PBXFileReference; lastKnownFileType = sourcecode.c.objc; path = CFile.m; sourceTree = "<group>"; };
		9B16A8FA2574C4D900C3DCC0 /* CFileManager.h */ = {isa = PBXFileReference; lastKnownFileType = sourcecode.c.h; path = CFileManager.h; sourceTree = "<group>"; };
		9B16A8FB2574C4D900C3DCC0 /* CFileManager.m */ = {isa = PBXFileReference; lastKnownFileType = sourcecode.c.objc; path = CFileManager.m; sourceTree = "<group>"; };
		9B5FE7002581B4CD00C7E17D /* CConferenceService.h */ = {isa = PBXFileReference; lastKnownFileType = sourcecode.c.h; path = CConferenceService.h; sourceTree = "<group>"; };
		9B5FE7012581B4CD00C7E17D /* CConferenceService.m */ = {isa = PBXFileReference; lastKnownFileType = sourcecode.c.objc; path = CConferenceService.m; sourceTree = "<group>"; };
		9B5FE7042581B79600C7E17D /* CConference.h */ = {isa = PBXFileReference; lastKnownFileType = sourcecode.c.h; path = CConference.h; sourceTree = "<group>"; };
		9B5FE7052581B79600C7E17D /* CConference.m */ = {isa = PBXFileReference; lastKnownFileType = sourcecode.c.objc; path = CConference.m; sourceTree = "<group>"; };
		9B690280258C4B5E00EA235A /* CGroup.h */ = {isa = PBXFileReference; lastKnownFileType = sourcecode.c.h; path = CGroup.h; sourceTree = "<group>"; };
		9B690281258C4B5E00EA235A /* CGroup.m */ = {isa = PBXFileReference; lastKnownFileType = sourcecode.c.objc; path = CGroup.m; sourceTree = "<group>"; };
		9B690285258C92FE00EA235A /* CContactPipelineListener.h */ = {isa = PBXFileReference; lastKnownFileType = sourcecode.c.h; path = CContactPipelineListener.h; sourceTree = "<group>"; };
		9B690286258C92FE00EA235A /* CContactPipelineListener.m */ = {isa = PBXFileReference; lastKnownFileType = sourcecode.c.objc; path = CContactPipelineListener.m; sourceTree = "<group>"; };
/* End PBXFileReference section */

/* Begin PBXFrameworksBuildPhase section */
		820E2AFA25393C09007FFC3F /* Frameworks */ = {
			isa = PBXFrameworksBuildPhase;
			buildActionMask = 2147483647;
			files = (
				820E2B1725394282007FFC3F /* cell.framework in Frameworks */,
				820E2B0225393C0A007FFC3F /* CServiceSuite.framework in Frameworks */,
			);
			runOnlyForDeploymentPostprocessing = 0;
		};
		8244B00224F763D700958B71 /* Frameworks */ = {
			isa = PBXFrameworksBuildPhase;
			buildActionMask = 2147483647;
			files = (
				820C790824FFA6210021E494 /* cell.framework in Frameworks */,
				8215FFCB2552941400283FDA /* PromiseKit.framework in Frameworks */,
			);
			runOnlyForDeploymentPostprocessing = 0;
		};
/* End PBXFrameworksBuildPhase section */

/* Begin PBXGroup section */
		820C78FA24FF6BF00021E494 /* Pipelines */ = {
			isa = PBXGroup;
			children = (
				820C78FB24FF6C0E0021E494 /* CCellPipeline.h */,
				820C78FC24FF6C0E0021E494 /* CCellPipeline.m */,
			);
			path = Pipelines;
			sourceTree = "<group>";
		};
		820C790524FFA3190021E494 /* Frameworks */ = {
			isa = PBXGroup;
			children = (
				8215FFCA2552941400283FDA /* PromiseKit.framework */,
				820C790624FFA34F0021E494 /* cell.framework */,
			);
			path = Frameworks;
			sourceTree = "<group>";
		};
		820E2AFE25393C09007FFC3F /* CServiceSuiteTests */ = {
			isa = PBXGroup;
			children = (
				820E2AFF25393C09007FFC3F /* CServiceSuiteTests.m */,
				820E2B1125393ED1007FFC3F /* CMessageTests */,
				820E2B1025393EC3007FFC3F /* CContactTests */,
				820E2B0D25393E8C007FFC3F /* CAuthTests */,
				820E2B0C25393D4A007FFC3F /* CoreTests */,
				820E2B0125393C0A007FFC3F /* Info.plist */,
			);
			path = CServiceSuiteTests;
			sourceTree = "<group>";
		};
		820E2B0C25393D4A007FFC3F /* CoreTests */ = {
			isa = PBXGroup;
			children = (
				820E2B0825393C89007FFC3F /* CKernelTests.m */,
				820E2B0A25393CB5007FFC3F /* CPipelineTests.m */,
			);
			path = CoreTests;
			sourceTree = "<group>";
		};
		820E2B0D25393E8C007FFC3F /* CAuthTests */ = {
			isa = PBXGroup;
			children = (
				820E2B0E25393EBC007FFC3F /* CAuthTests.m */,
			);
			path = CAuthTests;
			sourceTree = "<group>";
		};
		820E2B1025393EC3007FFC3F /* CContactTests */ = {
			isa = PBXGroup;
			children = (
				820E2B1225393EF8007FFC3F /* CContactTests.m */,
			);
			path = CContactTests;
			sourceTree = "<group>";
		};
		820E2B1125393ED1007FFC3F /* CMessageTests */ = {
			isa = PBXGroup;
			children = (
				820E2B1425393F03007FFC3F /* CMessageTests.m */,
			);
			path = CMessageTests;
			sourceTree = "<group>";
		};
		820E2B1625394282007FFC3F /* Frameworks */ = {
			isa = PBXGroup;
			children = (
			);
			name = Frameworks;
			sourceTree = "<group>";
		};
		820FEE4F25305D6300AD1519 /* Auth */ = {
			isa = PBXGroup;
			children = (
				820FEE5A25306C8F00AD1519 /* CAuthToken.h */,
				820FEE5B25306C8F00AD1519 /* CAuthToken.m */,
				820FEE5125305D6300AD1519 /* CAuthService.h */,
				820FEE5025305D6300AD1519 /* CAuthService.m */,
				820F7694253155B0008E1164 /* CPrimaryDescription.h */,
				820F7695253155B0008E1164 /* CPrimaryDescription.m */,
			);
			path = Auth;
			sourceTree = "<group>";
		};
		820FEE5425305D6900AD1519 /* Message */ = {
			isa = PBXGroup;
			children = (
				820FEE5525305D6900AD1519 /* CMessageService.h */,
				820FEE5625305D6900AD1519 /* CMessageService.m */,
				82AD3FB2253844770072B40A /* CMessage.h */,
				82AD3FB3253844770072B40A /* CMessage.m */,
				82A0B428254FB34200F884BE /* CMessagePipelineListener.h */,
				82A0B429254FB34200F884BE /* CMessagePipelineListener.m */,
			);
			path = Message;
			sourceTree = "<group>";
		};
		8215FFCC2552A0AC00283FDA /* Supporting files */ = {
			isa = PBXGroup;
			children = (
				8215FFCD2552A0F200283FDA /* PrefixHeader.pch */,
			);
			path = "Supporting files";
			sourceTree = "<group>";
		};
		8216FEF12508C8A400028D32 /* Support */ = {
			isa = PBXGroup;
			children = (
				824D0FEB2534313600D75261 /* Jsonable */,
				8216FEF72508D3D000028D32 /* CSafeWeakRefArray.h */,
				8216FEF82508D3D000028D32 /* CSafeWeakRefArray.m */,
				8216FEFB2508DC6500028D32 /* CSafeWeakRefDictionary.h */,
				8216FEFC2508DC6500028D32 /* CSafeWeakRefDictionary.m */,
				82085B4A2509D4E700A9BFF0 /* CThreadSafeArray.h */,
				82085B4B2509D4E700A9BFF0 /* CThreadSafeArray.m */,
				82085B4E2509D5AF00A9BFF0 /* CThreadSafeDictionary.h */,
				82085B4F2509D5AF00A9BFF0 /* CThreadSafeDictionary.m */,
			);
			path = Support;
			sourceTree = "<group>";
		};
		8244AFFB24F763D700958B71 = {
			isa = PBXGroup;
			children = (
				8244B00724F763D700958B71 /* CServiceSuite */,
				820E2AFE25393C09007FFC3F /* CServiceSuiteTests */,
				8244B00624F763D700958B71 /* Products */,
				820E2B1625394282007FFC3F /* Frameworks */,
			);
			sourceTree = "<group>";
		};
		8244B00624F763D700958B71 /* Products */ = {
			isa = PBXGroup;
			children = (
				8244B00524F763D700958B71 /* CServiceSuite.framework */,
				820E2AFD25393C09007FFC3F /* CServiceSuiteTests.xctest */,
			);
			name = Products;
			sourceTree = "<group>";
		};
		8244B00724F763D700958B71 /* CServiceSuite */ = {
			isa = PBXGroup;
			children = (
				8244B00824F763D700958B71 /* CServiceSuite.h */,
				8244B00924F763D700958B71 /* Info.plist */,
				9B5FE6FF2581B49400C7E17D /* Conference */,
				8215FFCC2552A0AC00283FDA /* Supporting files */,
				820C790524FFA3190021E494 /* Frameworks */,
				820FEE5425305D6900AD1519 /* Message */,
				824D0FDA2533F15600D75261 /* Contact */,
				820FEE4F25305D6300AD1519 /* Auth */,
				9B16A8EC25749F1B00C3DCC0 /* Email */,
				9B16A8ED25749F1B00C3DCC0 /* File */,
				820C78FA24FF6BF00021E494 /* Pipelines */,
				8245BAB824FE3A28003631A2 /* Engine */,
				8245BA9F24FE2AEA003631A2 /* Core */,
			);
			path = CServiceSuite;
			sourceTree = "<group>";
		};
		8245BA9F24FE2AEA003631A2 /* Core */ = {
			isa = PBXGroup;
			children = (
				8245BAAC24FE2F2E003631A2 /* CCore.h */,
				8245BAA024FE2B53003631A2 /* CKernel.h */,
				8245BAA124FE2B53003631A2 /* CKernel.m */,
				8245BAA424FE2EB8003631A2 /* CPipeline.h */,
				8245BAA524FE2EB8003631A2 /* CPipeline.m */,
				8245BAA824FE2ECD003631A2 /* CModule.h */,
				8245BAA924FE2ECD003631A2 /* CModule.m */,
				8216FEED2508C34A00028D32 /* CSubject.h */,
				8216FEEE2508C34A00028D32 /* CSubject.m */,
				8245BAB424FE3A03003631A2 /* CPlugin.h */,
				8245BAB524FE3A03003631A2 /* CPlugin.m */,
				8245BAB024FE39F8003631A2 /* CPluginSystem.h */,
				8245BAB124FE39F8003631A2 /* CPluginSystem.m */,
				824D0FDF2533F97200D75261 /* CEntity.h */,
				824D0FE02533F97200D75261 /* CEntity.m */,
				8245BABE24FE4632003631A2 /* CPacket.h */,
				8245BABF24FE4632003631A2 /* CPacket.m */,
				8216FEF12508C8A400028D32 /* Support */,
			);
			path = Core;
			sourceTree = "<group>";
		};
		8245BAB824FE3A28003631A2 /* Engine */ = {
			isa = PBXGroup;
			children = (
				8245BAB924FE3A36003631A2 /* CEngine.h */,
				8245BABA24FE3A36003631A2 /* CEngine.m */,
			);
			path = Engine;
			sourceTree = "<group>";
		};
		824D0FDA2533F15600D75261 /* Contact */ = {
			isa = PBXGroup;
			children = (
				824D0FDB2533F17A00D75261 /* CContactService.h */,
				824D0FDC2533F17A00D75261 /* CContactService.m */,
				824D0FE32534012900D75261 /* CContact.h */,
				824D0FE42534012900D75261 /* CContact.m */,
				824D0FE7253401FC00D75261 /* CDevice.h */,
				824D0FE8253401FC00D75261 /* CDevice.m */,
				9B690280258C4B5E00EA235A /* CGroup.h */,
				9B690281258C4B5E00EA235A /* CGroup.m */,
				9B690285258C92FE00EA235A /* CContactPipelineListener.h */,
				9B690286258C92FE00EA235A /* CContactPipelineListener.m */,
			);
			path = Contact;
			sourceTree = "<group>";
		};
		824D0FEB2534313600D75261 /* Jsonable */ = {
			isa = PBXGroup;
			children = (
				824D0FEC2534315100D75261 /* CJsonable.h */,
				824D0FF025343BC200D75261 /* CJsonableUtil.h */,
				824D0FF125343BC200D75261 /* CJsonableUtil.m */,
			);
			path = Jsonable;
			sourceTree = "<group>";
		};
		9B16A8EC25749F1B00C3DCC0 /* Email */ = {
			isa = PBXGroup;
			children = (
				9B16A8F225749FBA00C3DCC0 /* CEmailService.h */,
				9B16A8F325749FBA00C3DCC0 /* CEmailService.m */,
			);
			path = Email;
			sourceTree = "<group>";
		};
		9B16A8ED25749F1B00C3DCC0 /* File */ = {
			isa = PBXGroup;
			children = (
				9B16A8EE25749FA800C3DCC0 /* CFileService.h */,
				9B16A8EF25749FA800C3DCC0 /* CFileService.m */,
				9B16A8F62574C38F00C3DCC0 /* CFile.h */,
				9B16A8F72574C38F00C3DCC0 /* CFile.m */,
				9B16A8FA2574C4D900C3DCC0 /* CFileManager.h */,
				9B16A8FB2574C4D900C3DCC0 /* CFileManager.m */,
			);
			path = File;
			sourceTree = "<group>";
		};
		9B5FE6FF2581B49400C7E17D /* Conference */ = {
			isa = PBXGroup;
			children = (
				9B5FE7002581B4CD00C7E17D /* CConferenceService.h */,
				9B5FE7012581B4CD00C7E17D /* CConferenceService.m */,
				9B5FE7042581B79600C7E17D /* CConference.h */,
				9B5FE7052581B79600C7E17D /* CConference.m */,
			);
			path = Conference;
			sourceTree = "<group>";
		};
/* End PBXGroup section */

/* Begin PBXHeadersBuildPhase section */
		8244B00024F763D700958B71 /* Headers */ = {
			isa = PBXHeadersBuildPhase;
			buildActionMask = 2147483647;
			files = (
				9B16A8F025749FA800C3DCC0 /* CFileService.h in Headers */,
				82085B4C2509D4E700A9BFF0 /* CThreadSafeArray.h in Headers */,
				9B16A8FC2574C4D900C3DCC0 /* CFileManager.h in Headers */,
				8245BABB24FE3A36003631A2 /* CEngine.h in Headers */,
				82AD3FB4253844770072B40A /* CMessage.h in Headers */,
				9B5FE7022581B4CD00C7E17D /* CConferenceService.h in Headers */,
				8216FEFD2508DC6500028D32 /* CSafeWeakRefDictionary.h in Headers */,
				8245BAB224FE39F8003631A2 /* CPluginSystem.h in Headers */,
				820FEE5C25306C8F00AD1519 /* CAuthToken.h in Headers */,
				9B16A8F82574C38F00C3DCC0 /* CFile.h in Headers */,
				820F7696253155B0008E1164 /* CPrimaryDescription.h in Headers */,
				9B690287258C92FE00EA235A /* CContactPipelineListener.h in Headers */,
				8245BAAE24FE2F2E003631A2 /* CCore.h in Headers */,
				8245BAB624FE3A03003631A2 /* CPlugin.h in Headers */,
				8245BAAA24FE2ECD003631A2 /* CModule.h in Headers */,
				9B5FE7062581B79600C7E17D /* CConference.h in Headers */,
				8245BAC024FE4632003631A2 /* CPacket.h in Headers */,
				820FEE5725305D6900AD1519 /* CMessageService.h in Headers */,
				8215FFCE2552A0F200283FDA /* PrefixHeader.pch in Headers */,
				8245BAA624FE2EB8003631A2 /* CPipeline.h in Headers */,
				9B690282258C4B5E00EA235A /* CGroup.h in Headers */,
				820C78FD24FF6C0E0021E494 /* CCellPipeline.h in Headers */,
				824D0FE9253401FC00D75261 /* CDevice.h in Headers */,
				824D0FE52534012900D75261 /* CContact.h in Headers */,
				824D0FEE2534315100D75261 /* CJsonable.h in Headers */,
				824D0FE12533F97200D75261 /* CEntity.h in Headers */,
				824D0FDD2533F17A00D75261 /* CContactService.h in Headers */,
				9B16A8F425749FBA00C3DCC0 /* CEmailService.h in Headers */,
				824D0FF225343BC200D75261 /* CJsonableUtil.h in Headers */,
				8216FEEF2508C34A00028D32 /* CSubject.h in Headers */,
				820FEE5325305D6300AD1519 /* CAuthService.h in Headers */,
				8244B00A24F763D700958B71 /* CServiceSuite.h in Headers */,
				82A0B42A254FB34200F884BE /* CMessagePipelineListener.h in Headers */,
				8216FEF92508D3D000028D32 /* CSafeWeakRefArray.h in Headers */,
				82085B502509D5AF00A9BFF0 /* CThreadSafeDictionary.h in Headers */,
				8245BAA224FE2B53003631A2 /* CKernel.h in Headers */,
			);
			runOnlyForDeploymentPostprocessing = 0;
		};
/* End PBXHeadersBuildPhase section */

/* Begin PBXNativeTarget section */
		820E2AFC25393C09007FFC3F /* CServiceSuiteTests */ = {
			isa = PBXNativeTarget;
			buildConfigurationList = 820E2B0725393C0A007FFC3F /* Build configuration list for PBXNativeTarget "CServiceSuiteTests" */;
			buildPhases = (
				820E2AF925393C09007FFC3F /* Sources */,
				820E2AFA25393C09007FFC3F /* Frameworks */,
				820E2AFB25393C09007FFC3F /* Resources */,
				820E2B1A25394490007FFC3F /* CopyFiles */,
			);
			buildRules = (
			);
			dependencies = (
				820E2B0425393C0A007FFC3F /* PBXTargetDependency */,
			);
			name = CServiceSuiteTests;
			productName = CServiceSuiteTests;
			productReference = 820E2AFD25393C09007FFC3F /* CServiceSuiteTests.xctest */;
			productType = "com.apple.product-type.bundle.unit-test";
		};
		8244B00424F763D700958B71 /* CServiceSuite */ = {
			isa = PBXNativeTarget;
			buildConfigurationList = 8244B00D24F763D700958B71 /* Build configuration list for PBXNativeTarget "CServiceSuite" */;
			buildPhases = (
				8244B00024F763D700958B71 /* Headers */,
				8244B00124F763D700958B71 /* Sources */,
				8244B00224F763D700958B71 /* Frameworks */,
				8244B00324F763D700958B71 /* Resources */,
				822A93A324F798170037659C /* Run Script */,
			);
			buildRules = (
			);
			dependencies = (
			);
			name = CServiceSuite;
			productName = CServiceSuite;
			productReference = 8244B00524F763D700958B71 /* CServiceSuite.framework */;
			productType = "com.apple.product-type.framework";
		};
/* End PBXNativeTarget section */

/* Begin PBXProject section */
		8244AFFC24F763D700958B71 /* Project object */ = {
			isa = PBXProject;
			attributes = {
				LastUpgradeCheck = 1130;
				ORGANIZATIONNAME = Ashine;
				TargetAttributes = {
					820E2AFC25393C09007FFC3F = {
						CreatedOnToolsVersion = 11.3.1;
					};
					8244B00424F763D700958B71 = {
						CreatedOnToolsVersion = 11.3.1;
					};
				};
			};
			buildConfigurationList = 8244AFFF24F763D700958B71 /* Build configuration list for PBXProject "CServiceSuite" */;
			compatibilityVersion = "Xcode 9.3";
			developmentRegion = en;
			hasScannedForEncodings = 0;
			knownRegions = (
				en,
				Base,
			);
			mainGroup = 8244AFFB24F763D700958B71;
			productRefGroup = 8244B00624F763D700958B71 /* Products */;
			projectDirPath = "";
			projectRoot = "";
			targets = (
				8244B00424F763D700958B71 /* CServiceSuite */,
				820E2AFC25393C09007FFC3F /* CServiceSuiteTests */,
			);
		};
/* End PBXProject section */

/* Begin PBXResourcesBuildPhase section */
		820E2AFB25393C09007FFC3F /* Resources */ = {
			isa = PBXResourcesBuildPhase;
			buildActionMask = 2147483647;
			files = (
			);
			runOnlyForDeploymentPostprocessing = 0;
		};
		8244B00324F763D700958B71 /* Resources */ = {
			isa = PBXResourcesBuildPhase;
			buildActionMask = 2147483647;
			files = (
			);
			runOnlyForDeploymentPostprocessing = 0;
		};
/* End PBXResourcesBuildPhase section */

/* Begin PBXShellScriptBuildPhase section */
		822A93A324F798170037659C /* Run Script */ = {
			isa = PBXShellScriptBuildPhase;
			buildActionMask = 2147483647;
			files = (
			);
			inputFileListPaths = (
			);
			inputPaths = (
			);
			name = "Run Script";
			outputFileListPaths = (
			);
			outputPaths = (
			);
			runOnlyForDeploymentPostprocessing = 0;
			shellPath = /bin/sh;
			shellScript = "# Type a script or drag a script file from your workspace to insert its path.\n";
		};
/* End PBXShellScriptBuildPhase section */

/* Begin PBXSourcesBuildPhase section */
		820E2AF925393C09007FFC3F /* Sources */ = {
			isa = PBXSourcesBuildPhase;
			buildActionMask = 2147483647;
			files = (
				820E2B0925393C89007FFC3F /* CKernelTests.m in Sources */,
				820E2B1325393EF8007FFC3F /* CContactTests.m in Sources */,
				820E2B0B25393CB5007FFC3F /* CPipelineTests.m in Sources */,
				820E2B0025393C09007FFC3F /* CServiceSuiteTests.m in Sources */,
				820E2B0F25393EBC007FFC3F /* CAuthTests.m in Sources */,
				820E2B1525393F03007FFC3F /* CMessageTests.m in Sources */,
			);
			runOnlyForDeploymentPostprocessing = 0;
		};
		8244B00124F763D700958B71 /* Sources */ = {
			isa = PBXSourcesBuildPhase;
			buildActionMask = 2147483647;
			files = (
				9B690288258C92FE00EA235A /* CContactPipelineListener.m in Sources */,
				82AD3FB5253844770072B40A /* CMessage.m in Sources */,
				8216FEFE2508DC6500028D32 /* CSafeWeakRefDictionary.m in Sources */,
				8245BAA324FE2B53003631A2 /* CKernel.m in Sources */,
				8245BAB324FE39F8003631A2 /* CPluginSystem.m in Sources */,
				9B16A8F525749FBA00C3DCC0 /* CEmailService.m in Sources */,
				9B5FE7072581B79600C7E17D /* CConference.m in Sources */,
				8245BAA724FE2EB8003631A2 /* CPipeline.m in Sources */,
				9B16A8F92574C38F00C3DCC0 /* CFile.m in Sources */,
				820C78FE24FF6C0E0021E494 /* CCellPipeline.m in Sources */,
				8245BAB724FE3A03003631A2 /* CPlugin.m in Sources */,
				824D0FEA253401FC00D75261 /* CDevice.m in Sources */,
				8216FEF02508C34A00028D32 /* CSubject.m in Sources */,
				82A0B42B254FB34200F884BE /* CMessagePipelineListener.m in Sources */,
				820FEE5D25306C8F00AD1519 /* CAuthToken.m in Sources */,
				824D0FE62534012900D75261 /* CContact.m in Sources */,
				820FEE5225305D6300AD1519 /* CAuthService.m in Sources */,
				82085B4D2509D4E700A9BFF0 /* CThreadSafeArray.m in Sources */,
				820F7697253155B0008E1164 /* CPrimaryDescription.m in Sources */,
				8245BAC124FE4632003631A2 /* CPacket.m in Sources */,
				82085B512509D5AF00A9BFF0 /* CThreadSafeDictionary.m in Sources */,
				9B16A8FD2574C4D900C3DCC0 /* CFileManager.m in Sources */,
				9B690283258C4B5E00EA235A /* CGroup.m in Sources */,
				820FEE5825305D6900AD1519 /* CMessageService.m in Sources */,
				9B16A8F125749FA800C3DCC0 /* CFileService.m in Sources */,
				8216FEFA2508D3D000028D32 /* CSafeWeakRefArray.m in Sources */,
				8245BAAB24FE2ECD003631A2 /* CModule.m in Sources */,
				824D0FE22533F97200D75261 /* CEntity.m in Sources */,
				824D0FDE2533F17A00D75261 /* CContactService.m in Sources */,
				8245BABC24FE3A36003631A2 /* CEngine.m in Sources */,
				824D0FF325343BC200D75261 /* CJsonableUtil.m in Sources */,
				9B5FE7032581B4CD00C7E17D /* CConferenceService.m in Sources */,
			);
			runOnlyForDeploymentPostprocessing = 0;
		};
/* End PBXSourcesBuildPhase section */

/* Begin PBXTargetDependency section */
		820E2B0425393C0A007FFC3F /* PBXTargetDependency */ = {
			isa = PBXTargetDependency;
			target = 8244B00424F763D700958B71 /* CServiceSuite */;
			targetProxy = 820E2B0325393C0A007FFC3F /* PBXContainerItemProxy */;
		};
/* End PBXTargetDependency section */

/* Begin XCBuildConfiguration section */
		820E2B0525393C0A007FFC3F /* Debug */ = {
			isa = XCBuildConfiguration;
			buildSettings = {
				CODE_SIGN_STYLE = Automatic;
				DEVELOPMENT_TEAM = 78K6LCL8HM;
				FRAMEWORK_SEARCH_PATHS = (
					"$(inherited)",
					"$(PROJECT_DIR)/CServiceSuite/Frameworks",
				);
				GCC_PREFIX_HEADER = "";
				INFOPLIST_FILE = CServiceSuiteTests/Info.plist;
				LD_RUNPATH_SEARCH_PATHS = (
					"$(inherited)",
					"@executable_path/Frameworks",
					"@loader_path/Frameworks",
				);
				PRODUCT_BUNDLE_IDENTIFIER = com.shixincube.CServiceSuite.CServiceSuiteTests;
				PRODUCT_NAME = "$(TARGET_NAME)";
				TARGETED_DEVICE_FAMILY = "1,2";
			};
			name = Debug;
		};
		820E2B0625393C0A007FFC3F /* Release */ = {
			isa = XCBuildConfiguration;
			buildSettings = {
				CODE_SIGN_STYLE = Automatic;
				DEVELOPMENT_TEAM = 78K6LCL8HM;
				FRAMEWORK_SEARCH_PATHS = (
					"$(inherited)",
					"$(PROJECT_DIR)/CServiceSuite/Frameworks",
				);
				GCC_PREFIX_HEADER = "";
				INFOPLIST_FILE = CServiceSuiteTests/Info.plist;
				LD_RUNPATH_SEARCH_PATHS = (
					"$(inherited)",
					"@executable_path/Frameworks",
					"@loader_path/Frameworks",
				);
				PRODUCT_BUNDLE_IDENTIFIER = com.shixincube.CServiceSuite.CServiceSuiteTests;
				PRODUCT_NAME = "$(TARGET_NAME)";
				TARGETED_DEVICE_FAMILY = "1,2";
			};
			name = Release;
		};
		8244B00B24F763D700958B71 /* Debug */ = {
			isa = XCBuildConfiguration;
			buildSettings = {
				ALWAYS_SEARCH_USER_PATHS = NO;
				CLANG_ANALYZER_NONNULL = YES;
				CLANG_ANALYZER_NUMBER_OBJECT_CONVERSION = YES_AGGRESSIVE;
				CLANG_CXX_LANGUAGE_STANDARD = "gnu++14";
				CLANG_CXX_LIBRARY = "libc++";
				CLANG_ENABLE_MODULES = YES;
				CLANG_ENABLE_OBJC_ARC = YES;
				CLANG_ENABLE_OBJC_WEAK = YES;
				CLANG_WARN_BLOCK_CAPTURE_AUTORELEASING = YES;
				CLANG_WARN_BOOL_CONVERSION = YES;
				CLANG_WARN_COMMA = YES;
				CLANG_WARN_CONSTANT_CONVERSION = YES;
				CLANG_WARN_DEPRECATED_OBJC_IMPLEMENTATIONS = YES;
				CLANG_WARN_DIRECT_OBJC_ISA_USAGE = YES_ERROR;
				CLANG_WARN_DOCUMENTATION_COMMENTS = YES;
				CLANG_WARN_EMPTY_BODY = YES;
				CLANG_WARN_ENUM_CONVERSION = YES;
				CLANG_WARN_INFINITE_RECURSION = YES;
				CLANG_WARN_INT_CONVERSION = YES;
				CLANG_WARN_NON_LITERAL_NULL_CONVERSION = YES;
				CLANG_WARN_OBJC_IMPLICIT_RETAIN_SELF = YES;
				CLANG_WARN_OBJC_LITERAL_CONVERSION = YES;
				CLANG_WARN_OBJC_ROOT_CLASS = YES_ERROR;
				CLANG_WARN_RANGE_LOOP_ANALYSIS = YES;
				CLANG_WARN_STRICT_PROTOTYPES = YES;
				CLANG_WARN_SUSPICIOUS_MOVE = YES;
				CLANG_WARN_UNGUARDED_AVAILABILITY = YES_AGGRESSIVE;
				CLANG_WARN_UNREACHABLE_CODE = YES;
				CLANG_WARN__DUPLICATE_METHOD_MATCH = YES;
				COPY_PHASE_STRIP = NO;
				CURRENT_PROJECT_VERSION = 1;
				DEBUG_INFORMATION_FORMAT = dwarf;
				ENABLE_STRICT_OBJC_MSGSEND = YES;
				ENABLE_TESTABILITY = YES;
				GCC_C_LANGUAGE_STANDARD = gnu11;
				GCC_DYNAMIC_NO_PIC = NO;
				GCC_NO_COMMON_BLOCKS = YES;
				GCC_OPTIMIZATION_LEVEL = 0;
				GCC_PREPROCESSOR_DEFINITIONS = (
					"DEBUG=1",
					"$(inherited)",
				);
				GCC_WARN_64_TO_32_BIT_CONVERSION = YES;
				GCC_WARN_ABOUT_RETURN_TYPE = YES_ERROR;
				GCC_WARN_UNDECLARED_SELECTOR = YES;
				GCC_WARN_UNINITIALIZED_AUTOS = YES_AGGRESSIVE;
				GCC_WARN_UNUSED_FUNCTION = YES;
				GCC_WARN_UNUSED_VARIABLE = YES;
				IPHONEOS_DEPLOYMENT_TARGET = 13.2;
				MTL_ENABLE_DEBUG_INFO = INCLUDE_SOURCE;
				MTL_FAST_MATH = YES;
				ONLY_ACTIVE_ARCH = YES;
				SDKROOT = iphoneos;
				VERSIONING_SYSTEM = "apple-generic";
				VERSION_INFO_PREFIX = "";
			};
			name = Debug;
		};
		8244B00C24F763D700958B71 /* Release */ = {
			isa = XCBuildConfiguration;
			buildSettings = {
				ALWAYS_SEARCH_USER_PATHS = NO;
				CLANG_ANALYZER_NONNULL = YES;
				CLANG_ANALYZER_NUMBER_OBJECT_CONVERSION = YES_AGGRESSIVE;
				CLANG_CXX_LANGUAGE_STANDARD = "gnu++14";
				CLANG_CXX_LIBRARY = "libc++";
				CLANG_ENABLE_MODULES = YES;
				CLANG_ENABLE_OBJC_ARC = YES;
				CLANG_ENABLE_OBJC_WEAK = YES;
				CLANG_WARN_BLOCK_CAPTURE_AUTORELEASING = YES;
				CLANG_WARN_BOOL_CONVERSION = YES;
				CLANG_WARN_COMMA = YES;
				CLANG_WARN_CONSTANT_CONVERSION = YES;
				CLANG_WARN_DEPRECATED_OBJC_IMPLEMENTATIONS = YES;
				CLANG_WARN_DIRECT_OBJC_ISA_USAGE = YES_ERROR;
				CLANG_WARN_DOCUMENTATION_COMMENTS = YES;
				CLANG_WARN_EMPTY_BODY = YES;
				CLANG_WARN_ENUM_CONVERSION = YES;
				CLANG_WARN_INFINITE_RECURSION = YES;
				CLANG_WARN_INT_CONVERSION = YES;
				CLANG_WARN_NON_LITERAL_NULL_CONVERSION = YES;
				CLANG_WARN_OBJC_IMPLICIT_RETAIN_SELF = YES;
				CLANG_WARN_OBJC_LITERAL_CONVERSION = YES;
				CLANG_WARN_OBJC_ROOT_CLASS = YES_ERROR;
				CLANG_WARN_RANGE_LOOP_ANALYSIS = YES;
				CLANG_WARN_STRICT_PROTOTYPES = YES;
				CLANG_WARN_SUSPICIOUS_MOVE = YES;
				CLANG_WARN_UNGUARDED_AVAILABILITY = YES_AGGRESSIVE;
				CLANG_WARN_UNREACHABLE_CODE = YES;
				CLANG_WARN__DUPLICATE_METHOD_MATCH = YES;
				COPY_PHASE_STRIP = NO;
				CURRENT_PROJECT_VERSION = 1;
				DEBUG_INFORMATION_FORMAT = "dwarf-with-dsym";
				ENABLE_NS_ASSERTIONS = NO;
				ENABLE_STRICT_OBJC_MSGSEND = YES;
				GCC_C_LANGUAGE_STANDARD = gnu11;
				GCC_NO_COMMON_BLOCKS = YES;
				GCC_WARN_64_TO_32_BIT_CONVERSION = YES;
				GCC_WARN_ABOUT_RETURN_TYPE = YES_ERROR;
				GCC_WARN_UNDECLARED_SELECTOR = YES;
				GCC_WARN_UNINITIALIZED_AUTOS = YES_AGGRESSIVE;
				GCC_WARN_UNUSED_FUNCTION = YES;
				GCC_WARN_UNUSED_VARIABLE = YES;
				IPHONEOS_DEPLOYMENT_TARGET = 13.2;
				MTL_ENABLE_DEBUG_INFO = NO;
				MTL_FAST_MATH = YES;
				SDKROOT = iphoneos;
				VALIDATE_PRODUCT = YES;
				VERSIONING_SYSTEM = "apple-generic";
				VERSION_INFO_PREFIX = "";
			};
			name = Release;
		};
		8244B00E24F763D700958B71 /* Debug */ = {
			isa = XCBuildConfiguration;
			buildSettings = {
				CODE_SIGN_STYLE = Automatic;
				DEFINES_MODULE = YES;
				DEVELOPMENT_TEAM = 78K6LCL8HM;
				DYLIB_COMPATIBILITY_VERSION = 1;
				DYLIB_CURRENT_VERSION = 1;
				DYLIB_INSTALL_NAME_BASE = "@rpath";
				FRAMEWORK_SEARCH_PATHS = (
					"$(inherited)",
					"$(PROJECT_DIR)/CServiceSuite/Frameworks",
				);
				GCC_PREFIX_HEADER = "./CServiceSuite/Supporting files/PrefixHeader.pch";
				INFOPLIST_FILE = CServiceSuite/Info.plist;
				INSTALL_PATH = "$(LOCAL_LIBRARY_DIR)/Frameworks";
				IPHONEOS_DEPLOYMENT_TARGET = 10.0;
				LD_RUNPATH_SEARCH_PATHS = (
					"$(inherited)",
					"@executable_path/Frameworks",
					"@loader_path/Frameworks",
				);
				PRODUCT_BUNDLE_IDENTIFIER = com.shixincube.CServiceSuite.CServiceSuite;
				PRODUCT_NAME = "$(TARGET_NAME:c99extidentifier)";
				SKIP_INSTALL = YES;
				TARGETED_DEVICE_FAMILY = "1,2";
			};
			name = Debug;
		};
		8244B00F24F763D700958B71 /* Release */ = {
			isa = XCBuildConfiguration;
			buildSettings = {
				CODE_SIGN_STYLE = Automatic;
				DEFINES_MODULE = YES;
				DEVELOPMENT_TEAM = 78K6LCL8HM;
				DYLIB_COMPATIBILITY_VERSION = 1;
				DYLIB_CURRENT_VERSION = 1;
				DYLIB_INSTALL_NAME_BASE = "@rpath";
				FRAMEWORK_SEARCH_PATHS = (
					"$(inherited)",
					"$(PROJECT_DIR)/CServiceSuite/Frameworks",
				);
				GCC_PREFIX_HEADER = "./CServiceSuite/Supporting files/PrefixHeader.pch";
				INFOPLIST_FILE = CServiceSuite/Info.plist;
				INSTALL_PATH = "$(LOCAL_LIBRARY_DIR)/Frameworks";
				IPHONEOS_DEPLOYMENT_TARGET = 10.0;
				LD_RUNPATH_SEARCH_PATHS = (
					"$(inherited)",
					"@executable_path/Frameworks",
					"@loader_path/Frameworks",
				);
				PRODUCT_BUNDLE_IDENTIFIER = com.shixincube.CServiceSuite.CServiceSuite;
				PRODUCT_NAME = "$(TARGET_NAME:c99extidentifier)";
				SKIP_INSTALL = YES;
				TARGETED_DEVICE_FAMILY = "1,2";
			};
			name = Release;
		};
/* End XCBuildConfiguration section */

/* Begin XCConfigurationList section */
		820E2B0725393C0A007FFC3F /* Build configuration list for PBXNativeTarget "CServiceSuiteTests" */ = {
			isa = XCConfigurationList;
			buildConfigurations = (
				820E2B0525393C0A007FFC3F /* Debug */,
				820E2B0625393C0A007FFC3F /* Release */,
			);
			defaultConfigurationIsVisible = 0;
			defaultConfigurationName = Release;
		};
		8244AFFF24F763D700958B71 /* Build configuration list for PBXProject "CServiceSuite" */ = {
			isa = XCConfigurationList;
			buildConfigurations = (
				8244B00B24F763D700958B71 /* Debug */,
				8244B00C24F763D700958B71 /* Release */,
			);
			defaultConfigurationIsVisible = 0;
			defaultConfigurationName = Release;
		};
		8244B00D24F763D700958B71 /* Build configuration list for PBXNativeTarget "CServiceSuite" */ = {
			isa = XCConfigurationList;
			buildConfigurations = (
				8244B00E24F763D700958B71 /* Debug */,
				8244B00F24F763D700958B71 /* Release */,
			);
			defaultConfigurationIsVisible = 0;
			defaultConfigurationName = Release;
		};
/* End XCConfigurationList section */
	};
	rootObject = 8244AFFC24F763D700958B71 /* Project object */;
}
